// !$*UTF8*$!
{
	archiveVersion = 1;
	classes = {
	};
	objectVersion = 50;
	objects = {

/* Begin PBXBuildFile section */
		205FDB2F216F20C0001BE2C6 /* HomeInfoItem.m in Sources */ = {isa = PBXBuildFile; fileRef = 205FDB2E216F20C0001BE2C6 /* HomeInfoItem.m */; };
		205FDB3321763DBE001BE2C6 /* CZGuideVC.m in Sources */ = {isa = PBXBuildFile; fileRef = 205FDB3221763DBE001BE2C6 /* CZGuideVC.m */; };
		208B695B2185903700B263FB /* TeacherView.xib in Resources */ = {isa = PBXBuildFile; fileRef = 208B695A2185903700B263FB /* TeacherView.xib */; };
		94DF1E58ABC326A19CE0832D /* libPods-Chaozhi.a in Frameworks */ = {isa = PBXBuildFile; fileRef = B55762E2478093A57AE66667 /* libPods-Chaozhi.a */; };
		A00BE16A219FF6E70042E6ED /* VersionItem.m in Sources */ = {isa = PBXBuildFile; fileRef = A00BE169219FF6E70042E6ED /* VersionItem.m */; };
		A00BE16D219FFB140042E6ED /* CZUpdateView.m in Sources */ = {isa = PBXBuildFile; fileRef = A00BE16C219FFB140042E6ED /* CZUpdateView.m */; };
		A00FA9D82168C26900F4DA5B /* CZSettingVC.m in Sources */ = {isa = PBXBuildFile; fileRef = A00FA9D72168C26900F4DA5B /* CZSettingVC.m */; };
		A00FA9DC2169DB0000F4DA5B /* CZSelectCourseVC.m in Sources */ = {isa = PBXBuildFile; fileRef = A00FA9DB2169DB0000F4DA5B /* CZSelectCourseVC.m */; };
		A00FA9DF2169DCDC00F4DA5B /* CZSelectCourseCell.m in Sources */ = {isa = PBXBuildFile; fileRef = A00FA9DE2169DCDC00F4DA5B /* CZSelectCourseCell.m */; };
		A00FA9E1216A09EA00F4DA5B /* MyStudyView.xib in Resources */ = {isa = PBXBuildFile; fileRef = A00FA9E0216A09EA00F4DA5B /* MyStudyView.xib */; };
		A020AF49214AA85B0011BB4F /* AppDelegate.m in Sources */ = {isa = PBXBuildFile; fileRef = A020AF48214AA85B0011BB4F /* AppDelegate.m */; };
		A020B01F214AAB150011BB4F /* Config.m in Sources */ = {isa = PBXBuildFile; fileRef = A020AF68214AAB130011BB4F /* Config.m */; };
		A020B025214AAB150011BB4F /* Assets.xcassets in Resources */ = {isa = PBXBuildFile; fileRef = A020AF76214AAB130011BB4F /* Assets.xcassets */; };
		A020B026214AAB150011BB4F /* ic_refresh_image_025@2x.png in Resources */ = {isa = PBXBuildFile; fileRef = A020AF79214AAB130011BB4F /* ic_refresh_image_025@2x.png */; };
		A020B027214AAB150011BB4F /* ic_refresh_image_029@2x.png in Resources */ = {isa = PBXBuildFile; fileRef = A020AF7A214AAB130011BB4F /* ic_refresh_image_029@2x.png */; };
		A020B028214AAB150011BB4F /* ic_refresh_image_001@2x.png in Resources */ = {isa = PBXBuildFile; fileRef = A020AF7B214AAB130011BB4F /* ic_refresh_image_001@2x.png */; };
		A020B029214AAB150011BB4F /* ic_refresh_image_013@2x.png in Resources */ = {isa = PBXBuildFile; fileRef = A020AF7C214AAB130011BB4F /* ic_refresh_image_013@2x.png */; };
		A020B02A214AAB150011BB4F /* ic_refresh_image_027@2x.png in Resources */ = {isa = PBXBuildFile; fileRef = A020AF7D214AAB130011BB4F /* ic_refresh_image_027@2x.png */; };
		A020B02B214AAB150011BB4F /* ic_refresh_image_011@2x.png in Resources */ = {isa = PBXBuildFile; fileRef = A020AF7E214AAB130011BB4F /* ic_refresh_image_011@2x.png */; };
		A020B02C214AAB150011BB4F /* ic_refresh_image_003@2x.png in Resources */ = {isa = PBXBuildFile; fileRef = A020AF7F214AAB130011BB4F /* ic_refresh_image_003@2x.png */; };
		A020B02D214AAB150011BB4F /* ic_refresh_image_007@2x.png in Resources */ = {isa = PBXBuildFile; fileRef = A020AF80214AAB130011BB4F /* ic_refresh_image_007@2x.png */; };
		A020B02E214AAB150011BB4F /* ic_refresh_image_019@2x.png in Resources */ = {isa = PBXBuildFile; fileRef = A020AF81214AAB130011BB4F /* ic_refresh_image_019@2x.png */; };
		A020B02F214AAB150011BB4F /* ic_refresh_image_015@2x.png in Resources */ = {isa = PBXBuildFile; fileRef = A020AF82214AAB130011BB4F /* ic_refresh_image_015@2x.png */; };
		A020B030214AAB150011BB4F /* ic_refresh_image_023@2x.png in Resources */ = {isa = PBXBuildFile; fileRef = A020AF83214AAB130011BB4F /* ic_refresh_image_023@2x.png */; };
		A020B031214AAB150011BB4F /* ic_refresh_image_031@2x.png in Resources */ = {isa = PBXBuildFile; fileRef = A020AF84214AAB130011BB4F /* ic_refresh_image_031@2x.png */; };
		A020B032214AAB150011BB4F /* ic_refresh_image_009@2x.png in Resources */ = {isa = PBXBuildFile; fileRef = A020AF85214AAB130011BB4F /* ic_refresh_image_009@2x.png */; };
		A020B033214AAB150011BB4F /* ic_refresh_image_017@2x.png in Resources */ = {isa = PBXBuildFile; fileRef = A020AF86214AAB130011BB4F /* ic_refresh_image_017@2x.png */; };
		A020B034214AAB150011BB4F /* ic_refresh_image_005@2x.png in Resources */ = {isa = PBXBuildFile; fileRef = A020AF87214AAB130011BB4F /* ic_refresh_image_005@2x.png */; };
		A020B035214AAB150011BB4F /* ic_refresh_image_033@2x.png in Resources */ = {isa = PBXBuildFile; fileRef = A020AF88214AAB130011BB4F /* ic_refresh_image_033@2x.png */; };
		A020B036214AAB150011BB4F /* ic_refresh_image_021@2x.png in Resources */ = {isa = PBXBuildFile; fileRef = A020AF89214AAB130011BB4F /* ic_refresh_image_021@2x.png */; };
		A020B037214AAB150011BB4F /* ic_refresh_image_000@2x.png in Resources */ = {isa = PBXBuildFile; fileRef = A020AF8A214AAB130011BB4F /* ic_refresh_image_000@2x.png */; };
		A020B038214AAB150011BB4F /* ic_refresh_image_012@2x.png in Resources */ = {isa = PBXBuildFile; fileRef = A020AF8B214AAB130011BB4F /* ic_refresh_image_012@2x.png */; };
		A020B039214AAB150011BB4F /* ic_refresh_image_024@2x.png in Resources */ = {isa = PBXBuildFile; fileRef = A020AF8C214AAB130011BB4F /* ic_refresh_image_024@2x.png */; };
		A020B03A214AAB150011BB4F /* ic_refresh_image_028@2x.png in Resources */ = {isa = PBXBuildFile; fileRef = A020AF8D214AAB130011BB4F /* ic_refresh_image_028@2x.png */; };
		A020B03B214AAB150011BB4F /* ic_refresh_image_010@2x.png in Resources */ = {isa = PBXBuildFile; fileRef = A020AF8E214AAB130011BB4F /* ic_refresh_image_010@2x.png */; };
		A020B03C214AAB150011BB4F /* ic_refresh_image_002@2x.png in Resources */ = {isa = PBXBuildFile; fileRef = A020AF8F214AAB130011BB4F /* ic_refresh_image_002@2x.png */; };
		A020B03D214AAB150011BB4F /* ic_refresh_image_034@2x.png in Resources */ = {isa = PBXBuildFile; fileRef = A020AF90214AAB130011BB4F /* ic_refresh_image_034@2x.png */; };
		A020B03E214AAB150011BB4F /* ic_refresh_image_026@2x.png in Resources */ = {isa = PBXBuildFile; fileRef = A020AF91214AAB130011BB4F /* ic_refresh_image_026@2x.png */; };
		A020B03F214AAB150011BB4F /* ic_refresh_image_022@2x.png in Resources */ = {isa = PBXBuildFile; fileRef = A020AF92214AAB130011BB4F /* ic_refresh_image_022@2x.png */; };
		A020B040214AAB150011BB4F /* ic_refresh_image_030@2x.png in Resources */ = {isa = PBXBuildFile; fileRef = A020AF93214AAB130011BB4F /* ic_refresh_image_030@2x.png */; };
		A020B041214AAB150011BB4F /* ic_refresh_image_018@2x.png in Resources */ = {isa = PBXBuildFile; fileRef = A020AF94214AAB130011BB4F /* ic_refresh_image_018@2x.png */; };
		A020B042214AAB150011BB4F /* ic_refresh_image_006@2x.png in Resources */ = {isa = PBXBuildFile; fileRef = A020AF95214AAB130011BB4F /* ic_refresh_image_006@2x.png */; };
		A020B043214AAB150011BB4F /* ic_refresh_image_014@2x.png in Resources */ = {isa = PBXBuildFile; fileRef = A020AF96214AAB130011BB4F /* ic_refresh_image_014@2x.png */; };
		A020B044214AAB150011BB4F /* ic_refresh_image_032@2x.png in Resources */ = {isa = PBXBuildFile; fileRef = A020AF97214AAB130011BB4F /* ic_refresh_image_032@2x.png */; };
		A020B045214AAB150011BB4F /* ic_refresh_image_020@2x.png in Resources */ = {isa = PBXBuildFile; fileRef = A020AF98214AAB130011BB4F /* ic_refresh_image_020@2x.png */; };
		A020B046214AAB150011BB4F /* ic_refresh_image_016@2x.png in Resources */ = {isa = PBXBuildFile; fileRef = A020AF99214AAB130011BB4F /* ic_refresh_image_016@2x.png */; };
		A020B047214AAB150011BB4F /* ic_refresh_image_008@2x.png in Resources */ = {isa = PBXBuildFile; fileRef = A020AF9A214AAB130011BB4F /* ic_refresh_image_008@2x.png */; };
		A020B048214AAB150011BB4F /* ic_refresh_image_004@2x.png in Resources */ = {isa = PBXBuildFile; fileRef = A020AF9B214AAB130011BB4F /* ic_refresh_image_004@2x.png */; };
		A020B049214AAB150011BB4F /* loading.json in Resources */ = {isa = PBXBuildFile; fileRef = A020AF9D214AAB130011BB4F /* loading.json */; };
		A020B04C214AAB150011BB4F /* LaunchScreen.storyboard in Resources */ = {isa = PBXBuildFile; fileRef = A020AFA2214AAB130011BB4F /* LaunchScreen.storyboard */; };
		A020B04D214AAB150011BB4F /* Main.storyboard in Resources */ = {isa = PBXBuildFile; fileRef = A020AFA4214AAB130011BB4F /* Main.storyboard */; };
		A020B04E214AAB150011BB4F /* main.m in Sources */ = {isa = PBXBuildFile; fileRef = A020AFA6214AAB130011BB4F /* main.m */; };
		A020B050214AAB150011BB4F /* KeyChainUtil.m in Sources */ = {isa = PBXBuildFile; fileRef = A020AFAD214AAB130011BB4F /* KeyChainUtil.m */; };
		A020B051214AAB150011BB4F /* CacheUtil.m in Sources */ = {isa = PBXBuildFile; fileRef = A020AFAE214AAB130011BB4F /* CacheUtil.m */; };
		A020B052214AAB150011BB4F /* Toast.m in Sources */ = {isa = PBXBuildFile; fileRef = A020AFB0214AAB130011BB4F /* Toast.m */; };
		A020B053214AAB150011BB4F /* Utils.m in Sources */ = {isa = PBXBuildFile; fileRef = A020AFB2214AAB130011BB4F /* Utils.m */; };
		A020B054214AAB150011BB4F /* XLGAlertView.m in Sources */ = {isa = PBXBuildFile; fileRef = A020AFB5214AAB130011BB4F /* XLGAlertView.m */; };
		A020B055214AAB150011BB4F /* XLGLottie.m in Sources */ = {isa = PBXBuildFile; fileRef = A020AFB8214AAB130011BB4F /* XLGLottie.m */; };
		A020B056214AAB150011BB4F /* RegularPhoneTF.m in Sources */ = {isa = PBXBuildFile; fileRef = A020AFBB214AAB130011BB4F /* RegularPhoneTF.m */; };
		A020B057214AAB150011BB4F /* ProgressLoadView.m in Sources */ = {isa = PBXBuildFile; fileRef = A020AFBE214AAB130011BB4F /* ProgressLoadView.m */; };
		A020B05C214AAB150011BB4F /* MEViewModel.m in Sources */ = {isa = PBXBuildFile; fileRef = A020AFD1214AAB140011BB4F /* MEViewModel.m */; };
		A020B05D214AAB150011BB4F /* MEView.m in Sources */ = {isa = PBXBuildFile; fileRef = A020AFD5214AAB140011BB4F /* MEView.m */; };
		A020B05E214AAB150011BB4F /* MEViewController.m in Sources */ = {isa = PBXBuildFile; fileRef = A020AFD6214AAB140011BB4F /* MEViewController.m */; };
		A020B05F214AAB150011BB4F /* XLGLoginTestVC.m in Sources */ = {isa = PBXBuildFile; fileRef = A020AFD9214AAB140011BB4F /* XLGLoginTestVC.m */; };
		A020B060214AAB150011BB4F /* XLGLoginTestView.m in Sources */ = {isa = PBXBuildFile; fileRef = A020AFDA214AAB140011BB4F /* XLGLoginTestView.m */; };
		A020B061214AAB150011BB4F /* XLGLoginTestViewModel.m in Sources */ = {isa = PBXBuildFile; fileRef = A020AFDB214AAB140011BB4F /* XLGLoginTestViewModel.m */; };
		A020B062214AAB150011BB4F /* XLGInternalDemoVC.m in Sources */ = {isa = PBXBuildFile; fileRef = A020AFDF214AAB140011BB4F /* XLGInternalDemoVC.m */; };
		A020B063214AAB150011BB4F /* XLGInternalTestVC.m in Sources */ = {isa = PBXBuildFile; fileRef = A020AFE0214AAB140011BB4F /* XLGInternalTestVC.m */; };
		A020B06A214AAB150011BB4F /* WKDelegateController.m in Sources */ = {isa = PBXBuildFile; fileRef = A020AFF4214AAB140011BB4F /* WKDelegateController.m */; };
		A020B06B214AAB150011BB4F /* BaseVC.m in Sources */ = {isa = PBXBuildFile; fileRef = A020AFFB214AAB140011BB4F /* BaseVC.m */; };
		A020B06C214AAB150011BB4F /* BaseNC.m in Sources */ = {isa = PBXBuildFile; fileRef = A020AFFC214AAB140011BB4F /* BaseNC.m */; };
		A020B06D214AAB150011BB4F /* BaseNavBar.m in Sources */ = {isa = PBXBuildFile; fileRef = A020AFFD214AAB140011BB4F /* BaseNavBar.m */; };
		A020B06E214AAB150011BB4F /* BaseScrollView.m in Sources */ = {isa = PBXBuildFile; fileRef = A020AFFE214AAB140011BB4F /* BaseScrollView.m */; };
		A020B06F214AAB150011BB4F /* BaseWebVC.m in Sources */ = {isa = PBXBuildFile; fileRef = A020AFFF214AAB140011BB4F /* BaseWebVC.m */; };
		A020B070214AAB150011BB4F /* LDNetTraceRoute.m in Sources */ = {isa = PBXBuildFile; fileRef = A020B004214AAB140011BB4F /* LDNetTraceRoute.m */; };
		A020B071214AAB150011BB4F /* LDNetTimer.m in Sources */ = {isa = PBXBuildFile; fileRef = A020B005214AAB140011BB4F /* LDNetTimer.m */; };
		A020B072214AAB150011BB4F /* LDSimplePing.m in Sources */ = {isa = PBXBuildFile; fileRef = A020B006214AAB140011BB4F /* LDSimplePing.m */; };
		A020B073214AAB150011BB4F /* LDNetPing.m in Sources */ = {isa = PBXBuildFile; fileRef = A020B009214AAB140011BB4F /* LDNetPing.m */; };
		A020B074214AAB150011BB4F /* LDNetGetAddress.m in Sources */ = {isa = PBXBuildFile; fileRef = A020B00B214AAB140011BB4F /* LDNetGetAddress.m */; };
		A020B075214AAB150011BB4F /* LDNetDiagnoService.m in Sources */ = {isa = PBXBuildFile; fileRef = A020B00C214AAB140011BB4F /* LDNetDiagnoService.m */; };
		A020B076214AAB150011BB4F /* LDNetConnect.m in Sources */ = {isa = PBXBuildFile; fileRef = A020B010214AAB140011BB4F /* LDNetConnect.m */; };
		A020B077214AAB150011BB4F /* Reachability.m in Sources */ = {isa = PBXBuildFile; fileRef = A020B012214AAB140011BB4F /* Reachability.m */; };
		A020B078214AAB150011BB4F /* BaseItem.m in Sources */ = {isa = PBXBuildFile; fileRef = A020B017214AAB140011BB4F /* BaseItem.m */; };
		A020B079214AAB150011BB4F /* UserInfo.m in Sources */ = {isa = PBXBuildFile; fileRef = A020B018214AAB140011BB4F /* UserInfo.m */; };
		A020B07A214AAB150011BB4F /* CourseItem.m in Sources */ = {isa = PBXBuildFile; fileRef = A020B01A214AAB140011BB4F /* CourseItem.m */; };
		A020B07C214AAD610011BB4F /* libresolv.tbd in Frameworks */ = {isa = PBXBuildFile; fileRef = A020B07B214AAD600011BB4F /* libresolv.tbd */; };
		A0462A072187407600D12E65 /* CZNotNetAvailableVC.m in Sources */ = {isa = PBXBuildFile; fileRef = A0462A062187407600D12E65 /* CZNotNetAvailableVC.m */; };
		A0462A0D2187459600D12E65 /* CZNotDataView.m in Sources */ = {isa = PBXBuildFile; fileRef = A0462A0C2187459600D12E65 /* CZNotDataView.m */; };
		A05999EF2155EC1500D17058 /* XLGExternalTestTool.m in Sources */ = {isa = PBXBuildFile; fileRef = A05999E02155EC1500D17058 /* XLGExternalTestTool.m */; };
		A05999F12155EC1500D17058 /* XLGLogVC.m in Sources */ = {isa = PBXBuildFile; fileRef = A05999E62155EC1500D17058 /* XLGLogVC.m */; };
		A05999F22155EC1500D17058 /* XLGChangeServerCell.m in Sources */ = {isa = PBXBuildFile; fileRef = A05999E92155EC1500D17058 /* XLGChangeServerCell.m */; };
		A05999F32155EC1500D17058 /* XLGChangeServerModel.m in Sources */ = {isa = PBXBuildFile; fileRef = A05999EB2155EC1500D17058 /* XLGChangeServerModel.m */; };
		A05999F42155EC1500D17058 /* XLGChangeServerVC.m in Sources */ = {isa = PBXBuildFile; fileRef = A05999EC2155EC1500D17058 /* XLGChangeServerVC.m */; };
		A0599A1E21574CAF00D17058 /* CZInfiniteVC.m in Sources */ = {isa = PBXBuildFile; fileRef = A0599A0D21574CAF00D17058 /* CZInfiniteVC.m */; };
		A0599A1F21574CAF00D17058 /* CZLoginVC.m in Sources */ = {isa = PBXBuildFile; fileRef = A0599A0F21574CAF00D17058 /* CZLoginVC.m */; };
		A0599A2021574CAF00D17058 /* CZRegisterVC.m in Sources */ = {isa = PBXBuildFile; fileRef = A0599A1221574CAF00D17058 /* CZRegisterVC.m */; };
		A0599A2121574CAF00D17058 /* CZForgetPswVC.m in Sources */ = {isa = PBXBuildFile; fileRef = A0599A1421574CAF00D17058 /* CZForgetPswVC.m */; };
		A0599A2221574CAF00D17058 /* CZMineVC.m in Sources */ = {isa = PBXBuildFile; fileRef = A0599A1621574CAF00D17058 /* CZMineVC.m */; };
		A0599A2321574CAF00D17058 /* CZHomeVC.m in Sources */ = {isa = PBXBuildFile; fileRef = A0599A1921574CAF00D17058 /* CZHomeVC.m */; };
		A0599A2421574CAF00D17058 /* CZStudyVC.m in Sources */ = {isa = PBXBuildFile; fileRef = A0599A1C21574CAF00D17058 /* CZStudyVC.m */; };
		A05FF5CB215B129C00C51E05 /* NetworkManager.m in Sources */ = {isa = PBXBuildFile; fileRef = A05FF5C9215B129C00C51E05 /* NetworkManager.m */; };
		A05FF5CE215B14F100C51E05 /* NetworkUtil.m in Sources */ = {isa = PBXBuildFile; fileRef = A05FF5CC215B14F100C51E05 /* NetworkUtil.m */; };
		A05FF5D9215B163400C51E05 /* JHHJCenterBGView.m in Sources */ = {isa = PBXBuildFile; fileRef = A05FF5D2215B163400C51E05 /* JHHJCenterBGView.m */; };
		A05FF5DA215B163400C51E05 /* JHHJView.m in Sources */ = {isa = PBXBuildFile; fileRef = A05FF5D4215B163400C51E05 /* JHHJView.m */; };
		A05FF5DB215B163400C51E05 /* JHHJAnimation.m in Sources */ = {isa = PBXBuildFile; fileRef = A05FF5D5215B163400C51E05 /* JHHJAnimation.m */; };
		A05FF5DC215B163400C51E05 /* AEIndicator.m in Sources */ = {isa = PBXBuildFile; fileRef = A05FF5D8215B163400C51E05 /* AEIndicator.m */; };
		A091D1302178FAF300CCDAF6 /* StudyInfoItem.m in Sources */ = {isa = PBXBuildFile; fileRef = A091D12F2178FAF300CCDAF6 /* StudyInfoItem.m */; };
/* End PBXBuildFile section */

/* Begin PBXFileReference section */
		0AF6FC5BB1D601461F72C62C /* Pods-Chaozhi.debug.xcconfig */ = {isa = PBXFileReference; includeInIndex = 1; lastKnownFileType = text.xcconfig; name = "Pods-Chaozhi.debug.xcconfig"; path = "Pods/Target Support Files/Pods-Chaozhi/Pods-Chaozhi.debug.xcconfig"; sourceTree = "<group>"; };
		204F3265086F4B67483EF547 /* Pods-Chaozhi.release.xcconfig */ = {isa = PBXFileReference; includeInIndex = 1; lastKnownFileType = text.xcconfig; name = "Pods-Chaozhi.release.xcconfig"; path = "Pods/Target Support Files/Pods-Chaozhi/Pods-Chaozhi.release.xcconfig"; sourceTree = "<group>"; };
		205FDB2D216F20C0001BE2C6 /* HomeInfoItem.h */ = {isa = PBXFileReference; lastKnownFileType = sourcecode.c.h; path = HomeInfoItem.h; sourceTree = "<group>"; };
		205FDB2E216F20C0001BE2C6 /* HomeInfoItem.m */ = {isa = PBXFileReference; lastKnownFileType = sourcecode.c.objc; path = HomeInfoItem.m; sourceTree = "<group>"; };
		205FDB3121763DBE001BE2C6 /* CZGuideVC.h */ = {isa = PBXFileReference; lastKnownFileType = sourcecode.c.h; path = CZGuideVC.h; sourceTree = "<group>"; };
		205FDB3221763DBE001BE2C6 /* CZGuideVC.m */ = {isa = PBXFileReference; lastKnownFileType = sourcecode.c.objc; path = CZGuideVC.m; sourceTree = "<group>"; };
		208B695A2185903700B263FB /* TeacherView.xib */ = {isa = PBXFileReference; lastKnownFileType = file.xib; path = TeacherView.xib; sourceTree = "<group>"; };
		A00BE168219FF6E70042E6ED /* VersionItem.h */ = {isa = PBXFileReference; lastKnownFileType = sourcecode.c.h; path = VersionItem.h; sourceTree = "<group>"; };
		A00BE169219FF6E70042E6ED /* VersionItem.m */ = {isa = PBXFileReference; lastKnownFileType = sourcecode.c.objc; path = VersionItem.m; sourceTree = "<group>"; };
		A00BE16B219FFB140042E6ED /* CZUpdateView.h */ = {isa = PBXFileReference; lastKnownFileType = sourcecode.c.h; path = CZUpdateView.h; sourceTree = "<group>"; };
		A00BE16C219FFB140042E6ED /* CZUpdateView.m */ = {isa = PBXFileReference; lastKnownFileType = sourcecode.c.objc; path = CZUpdateView.m; sourceTree = "<group>"; };
		A00FA9D62168C26900F4DA5B /* CZSettingVC.h */ = {isa = PBXFileReference; lastKnownFileType = sourcecode.c.h; path = CZSettingVC.h; sourceTree = "<group>"; };
		A00FA9D72168C26900F4DA5B /* CZSettingVC.m */ = {isa = PBXFileReference; lastKnownFileType = sourcecode.c.objc; path = CZSettingVC.m; sourceTree = "<group>"; };
		A00FA9DA2169DB0000F4DA5B /* CZSelectCourseVC.h */ = {isa = PBXFileReference; lastKnownFileType = sourcecode.c.h; path = CZSelectCourseVC.h; sourceTree = "<group>"; };
		A00FA9DB2169DB0000F4DA5B /* CZSelectCourseVC.m */ = {isa = PBXFileReference; lastKnownFileType = sourcecode.c.objc; path = CZSelectCourseVC.m; sourceTree = "<group>"; };
		A00FA9DD2169DCDC00F4DA5B /* CZSelectCourseCell.h */ = {isa = PBXFileReference; lastKnownFileType = sourcecode.c.h; path = CZSelectCourseCell.h; sourceTree = "<group>"; };
		A00FA9DE2169DCDC00F4DA5B /* CZSelectCourseCell.m */ = {isa = PBXFileReference; lastKnownFileType = sourcecode.c.objc; path = CZSelectCourseCell.m; sourceTree = "<group>"; };
		A00FA9E0216A09EA00F4DA5B /* MyStudyView.xib */ = {isa = PBXFileReference; lastKnownFileType = file.xib; path = MyStudyView.xib; sourceTree = "<group>"; };
		A020AF44214AA85B0011BB4F /* Chaozhi.app */ = {isa = PBXFileReference; explicitFileType = wrapper.application; includeInIndex = 0; path = Chaozhi.app; sourceTree = BUILT_PRODUCTS_DIR; };
		A020AF47214AA85B0011BB4F /* AppDelegate.h */ = {isa = PBXFileReference; lastKnownFileType = sourcecode.c.h; path = AppDelegate.h; sourceTree = "<group>"; };
		A020AF48214AA85B0011BB4F /* AppDelegate.m */ = {isa = PBXFileReference; lastKnownFileType = sourcecode.c.objc; path = AppDelegate.m; sourceTree = "<group>"; };
		A020AF65214AAB130011BB4F /* Config.h */ = {isa = PBXFileReference; fileEncoding = 4; lastKnownFileType = sourcecode.c.h; path = Config.h; sourceTree = "<group>"; };
		A020AF68214AAB130011BB4F /* Config.m */ = {isa = PBXFileReference; fileEncoding = 4; lastKnownFileType = sourcecode.c.objc; path = Config.m; sourceTree = "<group>"; };
		A020AF76214AAB130011BB4F /* Assets.xcassets */ = {isa = PBXFileReference; lastKnownFileType = folder.assetcatalog; path = Assets.xcassets; sourceTree = "<group>"; };
		A020AF79214AAB130011BB4F /* ic_refresh_image_025@2x.png */ = {isa = PBXFileReference; lastKnownFileType = image.png; path = "ic_refresh_image_025@2x.png"; sourceTree = "<group>"; };
		A020AF7A214AAB130011BB4F /* ic_refresh_image_029@2x.png */ = {isa = PBXFileReference; lastKnownFileType = image.png; path = "ic_refresh_image_029@2x.png"; sourceTree = "<group>"; };
		A020AF7B214AAB130011BB4F /* ic_refresh_image_001@2x.png */ = {isa = PBXFileReference; lastKnownFileType = image.png; path = "ic_refresh_image_001@2x.png"; sourceTree = "<group>"; };
		A020AF7C214AAB130011BB4F /* ic_refresh_image_013@2x.png */ = {isa = PBXFileReference; lastKnownFileType = image.png; path = "ic_refresh_image_013@2x.png"; sourceTree = "<group>"; };
		A020AF7D214AAB130011BB4F /* ic_refresh_image_027@2x.png */ = {isa = PBXFileReference; lastKnownFileType = image.png; path = "ic_refresh_image_027@2x.png"; sourceTree = "<group>"; };
		A020AF7E214AAB130011BB4F /* ic_refresh_image_011@2x.png */ = {isa = PBXFileReference; lastKnownFileType = image.png; path = "ic_refresh_image_011@2x.png"; sourceTree = "<group>"; };
		A020AF7F214AAB130011BB4F /* ic_refresh_image_003@2x.png */ = {isa = PBXFileReference; lastKnownFileType = image.png; path = "ic_refresh_image_003@2x.png"; sourceTree = "<group>"; };
		A020AF80214AAB130011BB4F /* ic_refresh_image_007@2x.png */ = {isa = PBXFileReference; lastKnownFileType = image.png; path = "ic_refresh_image_007@2x.png"; sourceTree = "<group>"; };
		A020AF81214AAB130011BB4F /* ic_refresh_image_019@2x.png */ = {isa = PBXFileReference; lastKnownFileType = image.png; path = "ic_refresh_image_019@2x.png"; sourceTree = "<group>"; };
		A020AF82214AAB130011BB4F /* ic_refresh_image_015@2x.png */ = {isa = PBXFileReference; lastKnownFileType = image.png; path = "ic_refresh_image_015@2x.png"; sourceTree = "<group>"; };
		A020AF83214AAB130011BB4F /* ic_refresh_image_023@2x.png */ = {isa = PBXFileReference; lastKnownFileType = image.png; path = "ic_refresh_image_023@2x.png"; sourceTree = "<group>"; };
		A020AF84214AAB130011BB4F /* ic_refresh_image_031@2x.png */ = {isa = PBXFileReference; lastKnownFileType = image.png; path = "ic_refresh_image_031@2x.png"; sourceTree = "<group>"; };
		A020AF85214AAB130011BB4F /* ic_refresh_image_009@2x.png */ = {isa = PBXFileReference; lastKnownFileType = image.png; path = "ic_refresh_image_009@2x.png"; sourceTree = "<group>"; };
		A020AF86214AAB130011BB4F /* ic_refresh_image_017@2x.png */ = {isa = PBXFileReference; lastKnownFileType = image.png; path = "ic_refresh_image_017@2x.png"; sourceTree = "<group>"; };
		A020AF87214AAB130011BB4F /* ic_refresh_image_005@2x.png */ = {isa = PBXFileReference; lastKnownFileType = image.png; path = "ic_refresh_image_005@2x.png"; sourceTree = "<group>"; };
		A020AF88214AAB130011BB4F /* ic_refresh_image_033@2x.png */ = {isa = PBXFileReference; lastKnownFileType = image.png; path = "ic_refresh_image_033@2x.png"; sourceTree = "<group>"; };
		A020AF89214AAB130011BB4F /* ic_refresh_image_021@2x.png */ = {isa = PBXFileReference; lastKnownFileType = image.png; path = "ic_refresh_image_021@2x.png"; sourceTree = "<group>"; };
		A020AF8A214AAB130011BB4F /* ic_refresh_image_000@2x.png */ = {isa = PBXFileReference; lastKnownFileType = image.png; path = "ic_refresh_image_000@2x.png"; sourceTree = "<group>"; };
		A020AF8B214AAB130011BB4F /* ic_refresh_image_012@2x.png */ = {isa = PBXFileReference; lastKnownFileType = image.png; path = "ic_refresh_image_012@2x.png"; sourceTree = "<group>"; };
		A020AF8C214AAB130011BB4F /* ic_refresh_image_024@2x.png */ = {isa = PBXFileReference; lastKnownFileType = image.png; path = "ic_refresh_image_024@2x.png"; sourceTree = "<group>"; };
		A020AF8D214AAB130011BB4F /* ic_refresh_image_028@2x.png */ = {isa = PBXFileReference; lastKnownFileType = image.png; path = "ic_refresh_image_028@2x.png"; sourceTree = "<group>"; };
		A020AF8E214AAB130011BB4F /* ic_refresh_image_010@2x.png */ = {isa = PBXFileReference; lastKnownFileType = image.png; path = "ic_refresh_image_010@2x.png"; sourceTree = "<group>"; };
		A020AF8F214AAB130011BB4F /* ic_refresh_image_002@2x.png */ = {isa = PBXFileReference; lastKnownFileType = image.png; path = "ic_refresh_image_002@2x.png"; sourceTree = "<group>"; };
		A020AF90214AAB130011BB4F /* ic_refresh_image_034@2x.png */ = {isa = PBXFileReference; lastKnownFileType = image.png; path = "ic_refresh_image_034@2x.png"; sourceTree = "<group>"; };
		A020AF91214AAB130011BB4F /* ic_refresh_image_026@2x.png */ = {isa = PBXFileReference; lastKnownFileType = image.png; path = "ic_refresh_image_026@2x.png"; sourceTree = "<group>"; };
		A020AF92214AAB130011BB4F /* ic_refresh_image_022@2x.png */ = {isa = PBXFileReference; lastKnownFileType = image.png; path = "ic_refresh_image_022@2x.png"; sourceTree = "<group>"; };
		A020AF93214AAB130011BB4F /* ic_refresh_image_030@2x.png */ = {isa = PBXFileReference; lastKnownFileType = image.png; path = "ic_refresh_image_030@2x.png"; sourceTree = "<group>"; };
		A020AF94214AAB130011BB4F /* ic_refresh_image_018@2x.png */ = {isa = PBXFileReference; lastKnownFileType = image.png; path = "ic_refresh_image_018@2x.png"; sourceTree = "<group>"; };
		A020AF95214AAB130011BB4F /* ic_refresh_image_006@2x.png */ = {isa = PBXFileReference; lastKnownFileType = image.png; path = "ic_refresh_image_006@2x.png"; sourceTree = "<group>"; };
		A020AF96214AAB130011BB4F /* ic_refresh_image_014@2x.png */ = {isa = PBXFileReference; lastKnownFileType = image.png; path = "ic_refresh_image_014@2x.png"; sourceTree = "<group>"; };
		A020AF97214AAB130011BB4F /* ic_refresh_image_032@2x.png */ = {isa = PBXFileReference; lastKnownFileType = image.png; path = "ic_refresh_image_032@2x.png"; sourceTree = "<group>"; };
		A020AF98214AAB130011BB4F /* ic_refresh_image_020@2x.png */ = {isa = PBXFileReference; lastKnownFileType = image.png; path = "ic_refresh_image_020@2x.png"; sourceTree = "<group>"; };
		A020AF99214AAB130011BB4F /* ic_refresh_image_016@2x.png */ = {isa = PBXFileReference; lastKnownFileType = image.png; path = "ic_refresh_image_016@2x.png"; sourceTree = "<group>"; };
		A020AF9A214AAB130011BB4F /* ic_refresh_image_008@2x.png */ = {isa = PBXFileReference; lastKnownFileType = image.png; path = "ic_refresh_image_008@2x.png"; sourceTree = "<group>"; };
		A020AF9B214AAB130011BB4F /* ic_refresh_image_004@2x.png */ = {isa = PBXFileReference; lastKnownFileType = image.png; path = "ic_refresh_image_004@2x.png"; sourceTree = "<group>"; };
		A020AF9D214AAB130011BB4F /* loading.json */ = {isa = PBXFileReference; fileEncoding = 4; lastKnownFileType = text.json; path = loading.json; sourceTree = "<group>"; };
		A020AFA3214AAB130011BB4F /* Base */ = {isa = PBXFileReference; lastKnownFileType = file.storyboard; name = Base; path = Base.lproj/LaunchScreen.storyboard; sourceTree = "<group>"; };
		A020AFA5214AAB130011BB4F /* Base */ = {isa = PBXFileReference; lastKnownFileType = file.storyboard; name = Base; path = Base.lproj/Main.storyboard; sourceTree = "<group>"; };
		A020AFA6214AAB130011BB4F /* main.m */ = {isa = PBXFileReference; fileEncoding = 4; lastKnownFileType = sourcecode.c.objc; path = main.m; sourceTree = "<group>"; };
		A020AFA9214AAB130011BB4F /* Utils.h */ = {isa = PBXFileReference; fileEncoding = 4; lastKnownFileType = sourcecode.c.h; path = Utils.h; sourceTree = "<group>"; };
		A020AFAB214AAB130011BB4F /* KeyChainUtil.h */ = {isa = PBXFileReference; fileEncoding = 4; lastKnownFileType = sourcecode.c.h; path = KeyChainUtil.h; sourceTree = "<group>"; };
		A020AFAC214AAB130011BB4F /* CacheUtil.h */ = {isa = PBXFileReference; fileEncoding = 4; lastKnownFileType = sourcecode.c.h; path = CacheUtil.h; sourceTree = "<group>"; };
		A020AFAD214AAB130011BB4F /* KeyChainUtil.m */ = {isa = PBXFileReference; fileEncoding = 4; lastKnownFileType = sourcecode.c.objc; path = KeyChainUtil.m; sourceTree = "<group>"; };
		A020AFAE214AAB130011BB4F /* CacheUtil.m */ = {isa = PBXFileReference; fileEncoding = 4; lastKnownFileType = sourcecode.c.objc; path = CacheUtil.m; sourceTree = "<group>"; };
		A020AFB0214AAB130011BB4F /* Toast.m */ = {isa = PBXFileReference; fileEncoding = 4; lastKnownFileType = sourcecode.c.objc; path = Toast.m; sourceTree = "<group>"; };
		A020AFB1214AAB130011BB4F /* Toast.h */ = {isa = PBXFileReference; fileEncoding = 4; lastKnownFileType = sourcecode.c.h; path = Toast.h; sourceTree = "<group>"; };
		A020AFB2214AAB130011BB4F /* Utils.m */ = {isa = PBXFileReference; fileEncoding = 4; lastKnownFileType = sourcecode.c.objc; path = Utils.m; sourceTree = "<group>"; };
		A020AFB5214AAB130011BB4F /* XLGAlertView.m */ = {isa = PBXFileReference; fileEncoding = 4; lastKnownFileType = sourcecode.c.objc; path = XLGAlertView.m; sourceTree = "<group>"; };
		A020AFB6214AAB130011BB4F /* XLGAlertView.h */ = {isa = PBXFileReference; fileEncoding = 4; lastKnownFileType = sourcecode.c.h; path = XLGAlertView.h; sourceTree = "<group>"; };
		A020AFB8214AAB130011BB4F /* XLGLottie.m */ = {isa = PBXFileReference; fileEncoding = 4; lastKnownFileType = sourcecode.c.objc; path = XLGLottie.m; sourceTree = "<group>"; };
		A020AFB9214AAB130011BB4F /* XLGLottie.h */ = {isa = PBXFileReference; fileEncoding = 4; lastKnownFileType = sourcecode.c.h; path = XLGLottie.h; sourceTree = "<group>"; };
		A020AFBB214AAB130011BB4F /* RegularPhoneTF.m */ = {isa = PBXFileReference; fileEncoding = 4; lastKnownFileType = sourcecode.c.objc; path = RegularPhoneTF.m; sourceTree = "<group>"; };
		A020AFBC214AAB130011BB4F /* RegularPhoneTF.h */ = {isa = PBXFileReference; fileEncoding = 4; lastKnownFileType = sourcecode.c.h; path = RegularPhoneTF.h; sourceTree = "<group>"; };
		A020AFBE214AAB130011BB4F /* ProgressLoadView.m */ = {isa = PBXFileReference; fileEncoding = 4; lastKnownFileType = sourcecode.c.objc; path = ProgressLoadView.m; sourceTree = "<group>"; };
		A020AFBF214AAB130011BB4F /* ProgressLoadView.h */ = {isa = PBXFileReference; fileEncoding = 4; lastKnownFileType = sourcecode.c.h; path = ProgressLoadView.h; sourceTree = "<group>"; };
		A020AFC3214AAB140011BB4F /* XLGInternalDemoVC.h */ = {isa = PBXFileReference; fileEncoding = 4; lastKnownFileType = sourcecode.c.h; path = XLGInternalDemoVC.h; sourceTree = "<group>"; };
		A020AFD0214AAB140011BB4F /* MEViewProtocol.h */ = {isa = PBXFileReference; fileEncoding = 4; lastKnownFileType = sourcecode.c.h; path = MEViewProtocol.h; sourceTree = "<group>"; };
		A020AFD1214AAB140011BB4F /* MEViewModel.m */ = {isa = PBXFileReference; fileEncoding = 4; lastKnownFileType = sourcecode.c.objc; path = MEViewModel.m; sourceTree = "<group>"; };
		A020AFD2214AAB140011BB4F /* MEViewController.h */ = {isa = PBXFileReference; fileEncoding = 4; lastKnownFileType = sourcecode.c.h; path = MEViewController.h; sourceTree = "<group>"; };
		A020AFD3214AAB140011BB4F /* MEView.h */ = {isa = PBXFileReference; fileEncoding = 4; lastKnownFileType = sourcecode.c.h; path = MEView.h; sourceTree = "<group>"; };
		A020AFD4214AAB140011BB4F /* MEViewControllerProtocol.h */ = {isa = PBXFileReference; fileEncoding = 4; lastKnownFileType = sourcecode.c.h; path = MEViewControllerProtocol.h; sourceTree = "<group>"; };
		A020AFD5214AAB140011BB4F /* MEView.m */ = {isa = PBXFileReference; fileEncoding = 4; lastKnownFileType = sourcecode.c.objc; path = MEView.m; sourceTree = "<group>"; };
		A020AFD6214AAB140011BB4F /* MEViewController.m */ = {isa = PBXFileReference; fileEncoding = 4; lastKnownFileType = sourcecode.c.objc; path = MEViewController.m; sourceTree = "<group>"; };
		A020AFD7214AAB140011BB4F /* MEViewModel.h */ = {isa = PBXFileReference; fileEncoding = 4; lastKnownFileType = sourcecode.c.h; path = MEViewModel.h; sourceTree = "<group>"; };
		A020AFD8214AAB140011BB4F /* MEViewModelProtocol.h */ = {isa = PBXFileReference; fileEncoding = 4; lastKnownFileType = sourcecode.c.h; path = MEViewModelProtocol.h; sourceTree = "<group>"; };
		A020AFD9214AAB140011BB4F /* XLGLoginTestVC.m */ = {isa = PBXFileReference; fileEncoding = 4; lastKnownFileType = sourcecode.c.objc; path = XLGLoginTestVC.m; sourceTree = "<group>"; };
		A020AFDA214AAB140011BB4F /* XLGLoginTestView.m */ = {isa = PBXFileReference; fileEncoding = 4; lastKnownFileType = sourcecode.c.objc; path = XLGLoginTestView.m; sourceTree = "<group>"; };
		A020AFDB214AAB140011BB4F /* XLGLoginTestViewModel.m */ = {isa = PBXFileReference; fileEncoding = 4; lastKnownFileType = sourcecode.c.objc; path = XLGLoginTestViewModel.m; sourceTree = "<group>"; };
		A020AFDC214AAB140011BB4F /* XLGLoginTestViewModel.h */ = {isa = PBXFileReference; fileEncoding = 4; lastKnownFileType = sourcecode.c.h; path = XLGLoginTestViewModel.h; sourceTree = "<group>"; };
		A020AFDD214AAB140011BB4F /* XLGLoginTestView.h */ = {isa = PBXFileReference; fileEncoding = 4; lastKnownFileType = sourcecode.c.h; path = XLGLoginTestView.h; sourceTree = "<group>"; };
		A020AFDE214AAB140011BB4F /* XLGLoginTestVC.h */ = {isa = PBXFileReference; fileEncoding = 4; lastKnownFileType = sourcecode.c.h; path = XLGLoginTestVC.h; sourceTree = "<group>"; };
		A020AFDF214AAB140011BB4F /* XLGInternalDemoVC.m */ = {isa = PBXFileReference; fileEncoding = 4; lastKnownFileType = sourcecode.c.objc; path = XLGInternalDemoVC.m; sourceTree = "<group>"; };
		A020AFE0214AAB140011BB4F /* XLGInternalTestVC.m */ = {isa = PBXFileReference; fileEncoding = 4; lastKnownFileType = sourcecode.c.objc; path = XLGInternalTestVC.m; sourceTree = "<group>"; };
		A020AFE1214AAB140011BB4F /* XLGInternalTestVC.h */ = {isa = PBXFileReference; fileEncoding = 4; lastKnownFileType = sourcecode.c.h; path = XLGInternalTestVC.h; sourceTree = "<group>"; };
		A020AFF4214AAB140011BB4F /* WKDelegateController.m */ = {isa = PBXFileReference; fileEncoding = 4; lastKnownFileType = sourcecode.c.objc; path = WKDelegateController.m; sourceTree = "<group>"; };
		A020AFF5214AAB140011BB4F /* BaseScrollView.h */ = {isa = PBXFileReference; fileEncoding = 4; lastKnownFileType = sourcecode.c.h; path = BaseScrollView.h; sourceTree = "<group>"; };
		A020AFF6214AAB140011BB4F /* BaseNavBar.h */ = {isa = PBXFileReference; fileEncoding = 4; lastKnownFileType = sourcecode.c.h; path = BaseNavBar.h; sourceTree = "<group>"; };
		A020AFF7214AAB140011BB4F /* BaseNC.h */ = {isa = PBXFileReference; fileEncoding = 4; lastKnownFileType = sourcecode.c.h; path = BaseNC.h; sourceTree = "<group>"; };
		A020AFF8214AAB140011BB4F /* BaseVC.h */ = {isa = PBXFileReference; fileEncoding = 4; lastKnownFileType = sourcecode.c.h; path = BaseVC.h; sourceTree = "<group>"; };
		A020AFF9214AAB140011BB4F /* BaseWebVC.h */ = {isa = PBXFileReference; fileEncoding = 4; lastKnownFileType = sourcecode.c.h; path = BaseWebVC.h; sourceTree = "<group>"; };
		A020AFFA214AAB140011BB4F /* WKDelegateController.h */ = {isa = PBXFileReference; fileEncoding = 4; lastKnownFileType = sourcecode.c.h; path = WKDelegateController.h; sourceTree = "<group>"; };
		A020AFFB214AAB140011BB4F /* BaseVC.m */ = {isa = PBXFileReference; fileEncoding = 4; lastKnownFileType = sourcecode.c.objc; path = BaseVC.m; sourceTree = "<group>"; };
		A020AFFC214AAB140011BB4F /* BaseNC.m */ = {isa = PBXFileReference; fileEncoding = 4; lastKnownFileType = sourcecode.c.objc; path = BaseNC.m; sourceTree = "<group>"; };
		A020AFFD214AAB140011BB4F /* BaseNavBar.m */ = {isa = PBXFileReference; fileEncoding = 4; lastKnownFileType = sourcecode.c.objc; path = BaseNavBar.m; sourceTree = "<group>"; };
		A020AFFE214AAB140011BB4F /* BaseScrollView.m */ = {isa = PBXFileReference; fileEncoding = 4; lastKnownFileType = sourcecode.c.objc; path = BaseScrollView.m; sourceTree = "<group>"; };
		A020AFFF214AAB140011BB4F /* BaseWebVC.m */ = {isa = PBXFileReference; fileEncoding = 4; lastKnownFileType = sourcecode.c.objc; path = BaseWebVC.m; sourceTree = "<group>"; };
		A020B002214AAB140011BB4F /* LDNetDiagnoService.h */ = {isa = PBXFileReference; fileEncoding = 4; lastKnownFileType = sourcecode.c.h; path = LDNetDiagnoService.h; sourceTree = "<group>"; };
		A020B003214AAB140011BB4F /* LDNetGetAddress.h */ = {isa = PBXFileReference; fileEncoding = 4; lastKnownFileType = sourcecode.c.h; path = LDNetGetAddress.h; sourceTree = "<group>"; };
		A020B004214AAB140011BB4F /* LDNetTraceRoute.m */ = {isa = PBXFileReference; fileEncoding = 4; lastKnownFileType = sourcecode.c.objc; path = LDNetTraceRoute.m; sourceTree = "<group>"; };
		A020B005214AAB140011BB4F /* LDNetTimer.m */ = {isa = PBXFileReference; fileEncoding = 4; lastKnownFileType = sourcecode.c.objc; path = LDNetTimer.m; sourceTree = "<group>"; };
		A020B006214AAB140011BB4F /* LDSimplePing.m */ = {isa = PBXFileReference; fileEncoding = 4; lastKnownFileType = sourcecode.c.objc; path = LDSimplePing.m; sourceTree = "<group>"; };
		A020B007214AAB140011BB4F /* Route.h */ = {isa = PBXFileReference; fileEncoding = 4; lastKnownFileType = sourcecode.c.h; path = Route.h; sourceTree = "<group>"; };
		A020B008214AAB140011BB4F /* LDNetConnect.h */ = {isa = PBXFileReference; fileEncoding = 4; lastKnownFileType = sourcecode.c.h; path = LDNetConnect.h; sourceTree = "<group>"; };
		A020B009214AAB140011BB4F /* LDNetPing.m */ = {isa = PBXFileReference; fileEncoding = 4; lastKnownFileType = sourcecode.c.objc; path = LDNetPing.m; sourceTree = "<group>"; };
		A020B00A214AAB140011BB4F /* LDNetTraceRoute.h */ = {isa = PBXFileReference; fileEncoding = 4; lastKnownFileType = sourcecode.c.h; path = LDNetTraceRoute.h; sourceTree = "<group>"; };
		A020B00B214AAB140011BB4F /* LDNetGetAddress.m */ = {isa = PBXFileReference; fileEncoding = 4; lastKnownFileType = sourcecode.c.objc; path = LDNetGetAddress.m; sourceTree = "<group>"; };
		A020B00C214AAB140011BB4F /* LDNetDiagnoService.m */ = {isa = PBXFileReference; fileEncoding = 4; lastKnownFileType = sourcecode.c.objc; path = LDNetDiagnoService.m; sourceTree = "<group>"; };
		A020B00D214AAB140011BB4F /* LDNetTimer.h */ = {isa = PBXFileReference; fileEncoding = 4; lastKnownFileType = sourcecode.c.h; path = LDNetTimer.h; sourceTree = "<group>"; };
		A020B00E214AAB140011BB4F /* LDSimplePing.h */ = {isa = PBXFileReference; fileEncoding = 4; lastKnownFileType = sourcecode.c.h; path = LDSimplePing.h; sourceTree = "<group>"; };
		A020B00F214AAB140011BB4F /* LDNetPing.h */ = {isa = PBXFileReference; fileEncoding = 4; lastKnownFileType = sourcecode.c.h; path = LDNetPing.h; sourceTree = "<group>"; };
		A020B010214AAB140011BB4F /* LDNetConnect.m */ = {isa = PBXFileReference; fileEncoding = 4; lastKnownFileType = sourcecode.c.objc; path = LDNetConnect.m; sourceTree = "<group>"; };
		A020B012214AAB140011BB4F /* Reachability.m */ = {isa = PBXFileReference; fileEncoding = 4; lastKnownFileType = sourcecode.c.objc; path = Reachability.m; sourceTree = "<group>"; };
		A020B013214AAB140011BB4F /* Reachability.h */ = {isa = PBXFileReference; fileEncoding = 4; lastKnownFileType = sourcecode.c.h; path = Reachability.h; sourceTree = "<group>"; };
		A020B014214AAB140011BB4F /* Chaozhi.pch */ = {isa = PBXFileReference; fileEncoding = 4; lastKnownFileType = sourcecode.c.h; path = Chaozhi.pch; sourceTree = "<group>"; };
		A020B016214AAB140011BB4F /* CourseItem.h */ = {isa = PBXFileReference; fileEncoding = 4; lastKnownFileType = sourcecode.c.h; path = CourseItem.h; sourceTree = "<group>"; };
		A020B017214AAB140011BB4F /* BaseItem.m */ = {isa = PBXFileReference; fileEncoding = 4; lastKnownFileType = sourcecode.c.objc; path = BaseItem.m; sourceTree = "<group>"; };
		A020B018214AAB140011BB4F /* UserInfo.m */ = {isa = PBXFileReference; fileEncoding = 4; lastKnownFileType = sourcecode.c.objc; path = UserInfo.m; sourceTree = "<group>"; };
		A020B019214AAB140011BB4F /* BaseItem.h */ = {isa = PBXFileReference; fileEncoding = 4; lastKnownFileType = sourcecode.c.h; path = BaseItem.h; sourceTree = "<group>"; };
		A020B01A214AAB140011BB4F /* CourseItem.m */ = {isa = PBXFileReference; fileEncoding = 4; lastKnownFileType = sourcecode.c.objc; path = CourseItem.m; sourceTree = "<group>"; };
		A020B01B214AAB140011BB4F /* UserInfo.h */ = {isa = PBXFileReference; fileEncoding = 4; lastKnownFileType = sourcecode.c.h; path = UserInfo.h; sourceTree = "<group>"; };
		A020B07B214AAD600011BB4F /* libresolv.tbd */ = {isa = PBXFileReference; lastKnownFileType = "sourcecode.text-based-dylib-definition"; name = libresolv.tbd; path = usr/lib/libresolv.tbd; sourceTree = SDKROOT; };
		A0462A052187407600D12E65 /* CZNotNetAvailableVC.h */ = {isa = PBXFileReference; lastKnownFileType = sourcecode.c.h; path = CZNotNetAvailableVC.h; sourceTree = "<group>"; };
		A0462A062187407600D12E65 /* CZNotNetAvailableVC.m */ = {isa = PBXFileReference; lastKnownFileType = sourcecode.c.objc; path = CZNotNetAvailableVC.m; sourceTree = "<group>"; };
		A0462A0B2187459600D12E65 /* CZNotDataView.h */ = {isa = PBXFileReference; lastKnownFileType = sourcecode.c.h; path = CZNotDataView.h; sourceTree = "<group>"; };
		A0462A0C2187459600D12E65 /* CZNotDataView.m */ = {isa = PBXFileReference; lastKnownFileType = sourcecode.c.objc; path = CZNotDataView.m; sourceTree = "<group>"; };
		A05999E02155EC1500D17058 /* XLGExternalTestTool.m */ = {isa = PBXFileReference; fileEncoding = 4; lastKnownFileType = sourcecode.c.objc; path = XLGExternalTestTool.m; sourceTree = "<group>"; };
		A05999E52155EC1500D17058 /* XLGLogVC.h */ = {isa = PBXFileReference; fileEncoding = 4; lastKnownFileType = sourcecode.c.h; path = XLGLogVC.h; sourceTree = "<group>"; };
		A05999E62155EC1500D17058 /* XLGLogVC.m */ = {isa = PBXFileReference; fileEncoding = 4; lastKnownFileType = sourcecode.c.objc; path = XLGLogVC.m; sourceTree = "<group>"; };
		A05999E82155EC1500D17058 /* XLGChangeServerModel.h */ = {isa = PBXFileReference; fileEncoding = 4; lastKnownFileType = sourcecode.c.h; path = XLGChangeServerModel.h; sourceTree = "<group>"; };
		A05999E92155EC1500D17058 /* XLGChangeServerCell.m */ = {isa = PBXFileReference; fileEncoding = 4; lastKnownFileType = sourcecode.c.objc; path = XLGChangeServerCell.m; sourceTree = "<group>"; };
		A05999EA2155EC1500D17058 /* XLGChangeServerVC.h */ = {isa = PBXFileReference; fileEncoding = 4; lastKnownFileType = sourcecode.c.h; path = XLGChangeServerVC.h; sourceTree = "<group>"; };
		A05999EB2155EC1500D17058 /* XLGChangeServerModel.m */ = {isa = PBXFileReference; fileEncoding = 4; lastKnownFileType = sourcecode.c.objc; path = XLGChangeServerModel.m; sourceTree = "<group>"; };
		A05999EC2155EC1500D17058 /* XLGChangeServerVC.m */ = {isa = PBXFileReference; fileEncoding = 4; lastKnownFileType = sourcecode.c.objc; path = XLGChangeServerVC.m; sourceTree = "<group>"; };
		A05999ED2155EC1500D17058 /* XLGChangeServerCell.h */ = {isa = PBXFileReference; fileEncoding = 4; lastKnownFileType = sourcecode.c.h; path = XLGChangeServerCell.h; sourceTree = "<group>"; };
		A05999EE2155EC1500D17058 /* XLGExternalTestTool.h */ = {isa = PBXFileReference; fileEncoding = 4; lastKnownFileType = sourcecode.c.h; path = XLGExternalTestTool.h; sourceTree = "<group>"; };
		A0599A0C21574CAF00D17058 /* CZInfiniteVC.h */ = {isa = PBXFileReference; fileEncoding = 4; lastKnownFileType = sourcecode.c.h; path = CZInfiniteVC.h; sourceTree = "<group>"; };
		A0599A0D21574CAF00D17058 /* CZInfiniteVC.m */ = {isa = PBXFileReference; fileEncoding = 4; lastKnownFileType = sourcecode.c.objc; path = CZInfiniteVC.m; sourceTree = "<group>"; };
		A0599A0F21574CAF00D17058 /* CZLoginVC.m */ = {isa = PBXFileReference; fileEncoding = 4; lastKnownFileType = sourcecode.c.objc; path = CZLoginVC.m; sourceTree = "<group>"; };
		A0599A1021574CAF00D17058 /* CZRegisterVC.h */ = {isa = PBXFileReference; fileEncoding = 4; lastKnownFileType = sourcecode.c.h; path = CZRegisterVC.h; sourceTree = "<group>"; };
		A0599A1121574CAF00D17058 /* CZForgetPswVC.h */ = {isa = PBXFileReference; fileEncoding = 4; lastKnownFileType = sourcecode.c.h; path = CZForgetPswVC.h; sourceTree = "<group>"; };
		A0599A1221574CAF00D17058 /* CZRegisterVC.m */ = {isa = PBXFileReference; fileEncoding = 4; lastKnownFileType = sourcecode.c.objc; path = CZRegisterVC.m; sourceTree = "<group>"; };
		A0599A1321574CAF00D17058 /* CZLoginVC.h */ = {isa = PBXFileReference; fileEncoding = 4; lastKnownFileType = sourcecode.c.h; path = CZLoginVC.h; sourceTree = "<group>"; };
		A0599A1421574CAF00D17058 /* CZForgetPswVC.m */ = {isa = PBXFileReference; fileEncoding = 4; lastKnownFileType = sourcecode.c.objc; path = CZForgetPswVC.m; sourceTree = "<group>"; };
		A0599A1621574CAF00D17058 /* CZMineVC.m */ = {isa = PBXFileReference; fileEncoding = 4; lastKnownFileType = sourcecode.c.objc; path = CZMineVC.m; sourceTree = "<group>"; };
		A0599A1721574CAF00D17058 /* CZMineVC.h */ = {isa = PBXFileReference; fileEncoding = 4; lastKnownFileType = sourcecode.c.h; path = CZMineVC.h; sourceTree = "<group>"; };
		A0599A1921574CAF00D17058 /* CZHomeVC.m */ = {isa = PBXFileReference; fileEncoding = 4; lastKnownFileType = sourcecode.c.objc; path = CZHomeVC.m; sourceTree = "<group>"; };
		A0599A1A21574CAF00D17058 /* CZHomeVC.h */ = {isa = PBXFileReference; fileEncoding = 4; lastKnownFileType = sourcecode.c.h; path = CZHomeVC.h; sourceTree = "<group>"; };
		A0599A1C21574CAF00D17058 /* CZStudyVC.m */ = {isa = PBXFileReference; fileEncoding = 4; lastKnownFileType = sourcecode.c.objc; path = CZStudyVC.m; sourceTree = "<group>"; };
		A0599A1D21574CAF00D17058 /* CZStudyVC.h */ = {isa = PBXFileReference; fileEncoding = 4; lastKnownFileType = sourcecode.c.h; path = CZStudyVC.h; sourceTree = "<group>"; };
		A05FF5C8215B129C00C51E05 /* NetworkManager.h */ = {isa = PBXFileReference; fileEncoding = 4; lastKnownFileType = sourcecode.c.h; path = NetworkManager.h; sourceTree = "<group>"; };
		A05FF5C9215B129C00C51E05 /* NetworkManager.m */ = {isa = PBXFileReference; fileEncoding = 4; lastKnownFileType = sourcecode.c.objc; path = NetworkManager.m; sourceTree = "<group>"; };
		A05FF5CC215B14F100C51E05 /* NetworkUtil.m */ = {isa = PBXFileReference; fileEncoding = 4; lastKnownFileType = sourcecode.c.objc; path = NetworkUtil.m; sourceTree = "<group>"; };
		A05FF5CD215B14F100C51E05 /* NetworkUtil.h */ = {isa = PBXFileReference; fileEncoding = 4; lastKnownFileType = sourcecode.c.h; path = NetworkUtil.h; sourceTree = "<group>"; };
		A05FF5D1215B163400C51E05 /* JHHJView.h */ = {isa = PBXFileReference; fileEncoding = 4; lastKnownFileType = sourcecode.c.h; path = JHHJView.h; sourceTree = "<group>"; };
		A05FF5D2215B163400C51E05 /* JHHJCenterBGView.m */ = {isa = PBXFileReference; fileEncoding = 4; lastKnownFileType = sourcecode.c.objc; path = JHHJCenterBGView.m; sourceTree = "<group>"; };
		A05FF5D3215B163400C51E05 /* JHHJAnimation.h */ = {isa = PBXFileReference; fileEncoding = 4; lastKnownFileType = sourcecode.c.h; path = JHHJAnimation.h; sourceTree = "<group>"; };
		A05FF5D4215B163400C51E05 /* JHHJView.m */ = {isa = PBXFileReference; fileEncoding = 4; lastKnownFileType = sourcecode.c.objc; path = JHHJView.m; sourceTree = "<group>"; };
		A05FF5D5215B163400C51E05 /* JHHJAnimation.m */ = {isa = PBXFileReference; fileEncoding = 4; lastKnownFileType = sourcecode.c.objc; path = JHHJAnimation.m; sourceTree = "<group>"; };
		A05FF5D6215B163400C51E05 /* JHHJCenterBGView.h */ = {isa = PBXFileReference; fileEncoding = 4; lastKnownFileType = sourcecode.c.h; path = JHHJCenterBGView.h; sourceTree = "<group>"; };
		A05FF5D7215B163400C51E05 /* AEIndicator.h */ = {isa = PBXFileReference; fileEncoding = 4; lastKnownFileType = sourcecode.c.h; path = AEIndicator.h; sourceTree = "<group>"; };
		A05FF5D8215B163400C51E05 /* AEIndicator.m */ = {isa = PBXFileReference; fileEncoding = 4; lastKnownFileType = sourcecode.c.objc; path = AEIndicator.m; sourceTree = "<group>"; };
		A091D12E2178FAF300CCDAF6 /* StudyInfoItem.h */ = {isa = PBXFileReference; lastKnownFileType = sourcecode.c.h; path = StudyInfoItem.h; sourceTree = "<group>"; };
		A091D12F2178FAF300CCDAF6 /* StudyInfoItem.m */ = {isa = PBXFileReference; lastKnownFileType = sourcecode.c.objc; path = StudyInfoItem.m; sourceTree = "<group>"; };
		B55762E2478093A57AE66667 /* libPods-Chaozhi.a */ = {isa = PBXFileReference; explicitFileType = archive.ar; includeInIndex = 0; path = "libPods-Chaozhi.a"; sourceTree = BUILT_PRODUCTS_DIR; };
/* End PBXFileReference section */

/* Begin PBXFrameworksBuildPhase section */
		A020AF41214AA85B0011BB4F /* Frameworks */ = {
			isa = PBXFrameworksBuildPhase;
			buildActionMask = 2147483647;
			files = (
				A020B07C214AAD610011BB4F /* libresolv.tbd in Frameworks */,
				94DF1E58ABC326A19CE0832D /* libPods-Chaozhi.a in Frameworks */,
			);
			runOnlyForDeploymentPostprocessing = 0;
		};
/* End PBXFrameworksBuildPhase section */

/* Begin PBXGroup section */
		205FDB3021763D7C001BE2C6 /* Guide(导航) */ = {
			isa = PBXGroup;
			children = (
				205FDB3121763DBE001BE2C6 /* CZGuideVC.h */,
				205FDB3221763DBE001BE2C6 /* CZGuideVC.m */,
			);
			path = "Guide(导航)";
			sourceTree = "<group>";
		};
		A00FA9D52168C22E00F4DA5B /* 系统设置 */ = {
			isa = PBXGroup;
			children = (
				A00FA9D62168C26900F4DA5B /* CZSettingVC.h */,
				A00FA9D72168C26900F4DA5B /* CZSettingVC.m */,
			);
			path = "系统设置";
			sourceTree = "<group>";
		};
		A00FA9D92169DAC500F4DA5B /* 课程分类 */ = {
			isa = PBXGroup;
			children = (
				A00FA9DA2169DB0000F4DA5B /* CZSelectCourseVC.h */,
				A00FA9DB2169DB0000F4DA5B /* CZSelectCourseVC.m */,
				A00FA9DD2169DCDC00F4DA5B /* CZSelectCourseCell.h */,
				A00FA9DE2169DCDC00F4DA5B /* CZSelectCourseCell.m */,
			);
			path = "课程分类";
			sourceTree = "<group>";
		};
		A020AF3B214AA85B0011BB4F = {
			isa = PBXGroup;
			children = (
				A020AF46214AA85B0011BB4F /* Chaozhi */,
				A020AF45214AA85B0011BB4F /* Products */,
				A7FA9F4632752641B75EA9B4 /* Pods */,
				CA884E04D0E50DD4B279DF5D /* Frameworks */,
			);
			sourceTree = "<group>";
		};
		A020AF45214AA85B0011BB4F /* Products */ = {
			isa = PBXGroup;
			children = (
				A020AF44214AA85B0011BB4F /* Chaozhi.app */,
			);
			name = Products;
			sourceTree = "<group>";
		};
		A020AF46214AA85B0011BB4F /* Chaozhi */ = {
			isa = PBXGroup;
			children = (
				A020AF47214AA85B0011BB4F /* AppDelegate.h */,
				A020AF48214AA85B0011BB4F /* AppDelegate.m */,
				A020B014214AAB140011BB4F /* Chaozhi.pch */,
				A020AF65214AAB130011BB4F /* Config.h */,
				A020AF68214AAB130011BB4F /* Config.m */,
				A020AFC0214AAB140011BB4F /* Test */,
				A020AF5D214AAB130011BB4F /* Network */,
				A020AFF3214AAB140011BB4F /* Base */,
				A020AFEC214AAB140011BB4F /* Module */,
				A020B015214AAB140011BB4F /* Model */,
				A0462A042187402D00D12E65 /* View */,
				A020AFA8214AAB130011BB4F /* Utils */,
				A020B000214AAB140011BB4F /* Vendor */,
				A020AF75214AAB130011BB4F /* Resource */,
				A020AFA1214AAB130011BB4F /* Supporting Files */,
			);
			path = Chaozhi;
			sourceTree = "<group>";
		};
		A020AF5D214AAB130011BB4F /* Network */ = {
			isa = PBXGroup;
			children = (
				A05FF5CD215B14F100C51E05 /* NetworkUtil.h */,
				A05FF5CC215B14F100C51E05 /* NetworkUtil.m */,
				A05FF5C8215B129C00C51E05 /* NetworkManager.h */,
				A05FF5C9215B129C00C51E05 /* NetworkManager.m */,
			);
			path = Network;
			sourceTree = "<group>";
		};
		A020AF75214AAB130011BB4F /* Resource */ = {
			isa = PBXGroup;
			children = (
				A020AF76214AAB130011BB4F /* Assets.xcassets */,
				A020AF77214AAB130011BB4F /* Animation */,
				A020AF9C214AAB130011BB4F /* Json */,
			);
			path = Resource;
			sourceTree = "<group>";
		};
		A020AF77214AAB130011BB4F /* Animation */ = {
			isa = PBXGroup;
			children = (
				A020AF78214AAB130011BB4F /* Refresh */,
			);
			path = Animation;
			sourceTree = "<group>";
		};
		A020AF78214AAB130011BB4F /* Refresh */ = {
			isa = PBXGroup;
			children = (
				A020AF79214AAB130011BB4F /* ic_refresh_image_025@2x.png */,
				A020AF7A214AAB130011BB4F /* ic_refresh_image_029@2x.png */,
				A020AF7B214AAB130011BB4F /* ic_refresh_image_001@2x.png */,
				A020AF7C214AAB130011BB4F /* ic_refresh_image_013@2x.png */,
				A020AF7D214AAB130011BB4F /* ic_refresh_image_027@2x.png */,
				A020AF7E214AAB130011BB4F /* ic_refresh_image_011@2x.png */,
				A020AF7F214AAB130011BB4F /* ic_refresh_image_003@2x.png */,
				A020AF80214AAB130011BB4F /* ic_refresh_image_007@2x.png */,
				A020AF81214AAB130011BB4F /* ic_refresh_image_019@2x.png */,
				A020AF82214AAB130011BB4F /* ic_refresh_image_015@2x.png */,
				A020AF83214AAB130011BB4F /* ic_refresh_image_023@2x.png */,
				A020AF84214AAB130011BB4F /* ic_refresh_image_031@2x.png */,
				A020AF85214AAB130011BB4F /* ic_refresh_image_009@2x.png */,
				A020AF86214AAB130011BB4F /* ic_refresh_image_017@2x.png */,
				A020AF87214AAB130011BB4F /* ic_refresh_image_005@2x.png */,
				A020AF88214AAB130011BB4F /* ic_refresh_image_033@2x.png */,
				A020AF89214AAB130011BB4F /* ic_refresh_image_021@2x.png */,
				A020AF8A214AAB130011BB4F /* ic_refresh_image_000@2x.png */,
				A020AF8B214AAB130011BB4F /* ic_refresh_image_012@2x.png */,
				A020AF8C214AAB130011BB4F /* ic_refresh_image_024@2x.png */,
				A020AF8D214AAB130011BB4F /* ic_refresh_image_028@2x.png */,
				A020AF8E214AAB130011BB4F /* ic_refresh_image_010@2x.png */,
				A020AF8F214AAB130011BB4F /* ic_refresh_image_002@2x.png */,
				A020AF90214AAB130011BB4F /* ic_refresh_image_034@2x.png */,
				A020AF91214AAB130011BB4F /* ic_refresh_image_026@2x.png */,
				A020AF92214AAB130011BB4F /* ic_refresh_image_022@2x.png */,
				A020AF93214AAB130011BB4F /* ic_refresh_image_030@2x.png */,
				A020AF94214AAB130011BB4F /* ic_refresh_image_018@2x.png */,
				A020AF95214AAB130011BB4F /* ic_refresh_image_006@2x.png */,
				A020AF96214AAB130011BB4F /* ic_refresh_image_014@2x.png */,
				A020AF97214AAB130011BB4F /* ic_refresh_image_032@2x.png */,
				A020AF98214AAB130011BB4F /* ic_refresh_image_020@2x.png */,
				A020AF99214AAB130011BB4F /* ic_refresh_image_016@2x.png */,
				A020AF9A214AAB130011BB4F /* ic_refresh_image_008@2x.png */,
				A020AF9B214AAB130011BB4F /* ic_refresh_image_004@2x.png */,
			);
			path = Refresh;
			sourceTree = "<group>";
		};
		A020AF9C214AAB130011BB4F /* Json */ = {
			isa = PBXGroup;
			children = (
				A020AF9D214AAB130011BB4F /* loading.json */,
			);
			path = Json;
			sourceTree = "<group>";
		};
		A020AFA1214AAB130011BB4F /* Supporting Files */ = {
			isa = PBXGroup;
			children = (
				A020AFA2214AAB130011BB4F /* LaunchScreen.storyboard */,
				A020AFA4214AAB130011BB4F /* Main.storyboard */,
				A020AFA6214AAB130011BB4F /* main.m */,
			);
			path = "Supporting Files";
			sourceTree = "<group>";
		};
		A020AFA8214AAB130011BB4F /* Utils */ = {
			isa = PBXGroup;
			children = (
				A020AFA9214AAB130011BB4F /* Utils.h */,
				A020AFB2214AAB130011BB4F /* Utils.m */,
				A05FF5CF215B163400C51E05 /* Indicator(指示器) */,
				A020AFAA214AAB130011BB4F /* Cache */,
				A020AFAF214AAB130011BB4F /* Toast */,
				A020AFB3214AAB130011BB4F /* OptionsBar */,
				A020AFB4214AAB130011BB4F /* AlertView */,
				A020AFB7214AAB130011BB4F /* Lottie */,
				A020AFBA214AAB130011BB4F /* RegularPhone */,
				A020AFBD214AAB130011BB4F /* ProgressView */,
			);
			path = Utils;
			sourceTree = "<group>";
		};
		A020AFAA214AAB130011BB4F /* Cache */ = {
			isa = PBXGroup;
			children = (
				A020AFAC214AAB130011BB4F /* CacheUtil.h */,
				A020AFAE214AAB130011BB4F /* CacheUtil.m */,
				A020AFAB214AAB130011BB4F /* KeyChainUtil.h */,
				A020AFAD214AAB130011BB4F /* KeyChainUtil.m */,
			);
			path = Cache;
			sourceTree = "<group>";
		};
		A020AFAF214AAB130011BB4F /* Toast */ = {
			isa = PBXGroup;
			children = (
				A020AFB1214AAB130011BB4F /* Toast.h */,
				A020AFB0214AAB130011BB4F /* Toast.m */,
			);
			path = Toast;
			sourceTree = "<group>";
		};
		A020AFB3214AAB130011BB4F /* OptionsBar */ = {
			isa = PBXGroup;
			children = (
			);
			path = OptionsBar;
			sourceTree = "<group>";
		};
		A020AFB4214AAB130011BB4F /* AlertView */ = {
			isa = PBXGroup;
			children = (
				A020AFB6214AAB130011BB4F /* XLGAlertView.h */,
				A020AFB5214AAB130011BB4F /* XLGAlertView.m */,
			);
			path = AlertView;
			sourceTree = "<group>";
		};
		A020AFB7214AAB130011BB4F /* Lottie */ = {
			isa = PBXGroup;
			children = (
				A020AFB9214AAB130011BB4F /* XLGLottie.h */,
				A020AFB8214AAB130011BB4F /* XLGLottie.m */,
			);
			path = Lottie;
			sourceTree = "<group>";
		};
		A020AFBA214AAB130011BB4F /* RegularPhone */ = {
			isa = PBXGroup;
			children = (
				A020AFBC214AAB130011BB4F /* RegularPhoneTF.h */,
				A020AFBB214AAB130011BB4F /* RegularPhoneTF.m */,
			);
			path = RegularPhone;
			sourceTree = "<group>";
		};
		A020AFBD214AAB130011BB4F /* ProgressView */ = {
			isa = PBXGroup;
			children = (
				A020AFBF214AAB130011BB4F /* ProgressLoadView.h */,
				A020AFBE214AAB130011BB4F /* ProgressLoadView.m */,
			);
			path = ProgressView;
			sourceTree = "<group>";
		};
		A020AFC0214AAB140011BB4F /* Test */ = {
			isa = PBXGroup;
			children = (
				A020AFC1214AAB140011BB4F /* Internal */,
				A020AFE2214AAB140011BB4F /* External */,
			);
			path = Test;
			sourceTree = "<group>";
		};
		A020AFC1214AAB140011BB4F /* Internal */ = {
			isa = PBXGroup;
			children = (
				A020AFC2214AAB140011BB4F /* Demo */,
				A020AFE1214AAB140011BB4F /* XLGInternalTestVC.h */,
				A020AFE0214AAB140011BB4F /* XLGInternalTestVC.m */,
			);
			path = Internal;
			sourceTree = "<group>";
		};
		A020AFC2214AAB140011BB4F /* Demo */ = {
			isa = PBXGroup;
			children = (
				A020AFC3214AAB140011BB4F /* XLGInternalDemoVC.h */,
				A020AFDF214AAB140011BB4F /* XLGInternalDemoVC.m */,
				A020AFCE214AAB140011BB4F /* MVVM */,
			);
			path = Demo;
			sourceTree = "<group>";
		};
		A020AFCE214AAB140011BB4F /* MVVM */ = {
			isa = PBXGroup;
			children = (
				A020AFCF214AAB140011BB4F /* MVVMBase */,
				A020AFD9214AAB140011BB4F /* XLGLoginTestVC.m */,
				A020AFDA214AAB140011BB4F /* XLGLoginTestView.m */,
				A020AFDB214AAB140011BB4F /* XLGLoginTestViewModel.m */,
				A020AFDC214AAB140011BB4F /* XLGLoginTestViewModel.h */,
				A020AFDD214AAB140011BB4F /* XLGLoginTestView.h */,
				A020AFDE214AAB140011BB4F /* XLGLoginTestVC.h */,
			);
			path = MVVM;
			sourceTree = "<group>";
		};
		A020AFCF214AAB140011BB4F /* MVVMBase */ = {
			isa = PBXGroup;
			children = (
				A020AFD0214AAB140011BB4F /* MEViewProtocol.h */,
				A020AFD1214AAB140011BB4F /* MEViewModel.m */,
				A020AFD2214AAB140011BB4F /* MEViewController.h */,
				A020AFD3214AAB140011BB4F /* MEView.h */,
				A020AFD4214AAB140011BB4F /* MEViewControllerProtocol.h */,
				A020AFD5214AAB140011BB4F /* MEView.m */,
				A020AFD6214AAB140011BB4F /* MEViewController.m */,
				A020AFD7214AAB140011BB4F /* MEViewModel.h */,
				A020AFD8214AAB140011BB4F /* MEViewModelProtocol.h */,
			);
			path = MVVMBase;
			sourceTree = "<group>";
		};
		A020AFE2214AAB140011BB4F /* External */ = {
			isa = PBXGroup;
			children = (
				A05999EE2155EC1500D17058 /* XLGExternalTestTool.h */,
				A05999E02155EC1500D17058 /* XLGExternalTestTool.m */,
				A05999E72155EC1500D17058 /* 环境切换 */,
				A05999E42155EC1500D17058 /* 接口日志 */,
			);
			path = External;
			sourceTree = "<group>";
		};
		A020AFEC214AAB140011BB4F /* Module */ = {
			isa = PBXGroup;
			children = (
				205FDB3021763D7C001BE2C6 /* Guide(导航) */,
				A0599A0E21574CAF00D17058 /* Login(登录) */,
				A0599A1821574CAF00D17058 /* Home(首页) */,
				A0599A1B21574CAF00D17058 /* Study(学习) */,
				A0599A0B21574CAF00D17058 /* Infinite(无限) */,
				A0599A1521574CAF00D17058 /* Mine(我的) */,
			);
			path = Module;
			sourceTree = "<group>";
		};
		A020AFF3214AAB140011BB4F /* Base */ = {
			isa = PBXGroup;
			children = (
				A020AFF8214AAB140011BB4F /* BaseVC.h */,
				A020AFFB214AAB140011BB4F /* BaseVC.m */,
				A020AFF7214AAB140011BB4F /* BaseNC.h */,
				A020AFFC214AAB140011BB4F /* BaseNC.m */,
				A020AFF6214AAB140011BB4F /* BaseNavBar.h */,
				A020AFFD214AAB140011BB4F /* BaseNavBar.m */,
				A020AFF5214AAB140011BB4F /* BaseScrollView.h */,
				A020AFFE214AAB140011BB4F /* BaseScrollView.m */,
				A020AFF9214AAB140011BB4F /* BaseWebVC.h */,
				A020AFFF214AAB140011BB4F /* BaseWebVC.m */,
				A020AFFA214AAB140011BB4F /* WKDelegateController.h */,
				A020AFF4214AAB140011BB4F /* WKDelegateController.m */,
			);
			path = Base;
			sourceTree = "<group>";
		};
		A020B000214AAB140011BB4F /* Vendor */ = {
			isa = PBXGroup;
			children = (
				A020B001214AAB140011BB4F /* LDNetDiagnoService */,
				A020B011214AAB140011BB4F /* Reachability */,
			);
			path = Vendor;
			sourceTree = "<group>";
		};
		A020B001214AAB140011BB4F /* LDNetDiagnoService */ = {
			isa = PBXGroup;
			children = (
				A020B002214AAB140011BB4F /* LDNetDiagnoService.h */,
				A020B003214AAB140011BB4F /* LDNetGetAddress.h */,
				A020B004214AAB140011BB4F /* LDNetTraceRoute.m */,
				A020B005214AAB140011BB4F /* LDNetTimer.m */,
				A020B006214AAB140011BB4F /* LDSimplePing.m */,
				A020B007214AAB140011BB4F /* Route.h */,
				A020B008214AAB140011BB4F /* LDNetConnect.h */,
				A020B009214AAB140011BB4F /* LDNetPing.m */,
				A020B00A214AAB140011BB4F /* LDNetTraceRoute.h */,
				A020B00B214AAB140011BB4F /* LDNetGetAddress.m */,
				A020B00C214AAB140011BB4F /* LDNetDiagnoService.m */,
				A020B00D214AAB140011BB4F /* LDNetTimer.h */,
				A020B00E214AAB140011BB4F /* LDSimplePing.h */,
				A020B00F214AAB140011BB4F /* LDNetPing.h */,
				A020B010214AAB140011BB4F /* LDNetConnect.m */,
			);
			path = LDNetDiagnoService;
			sourceTree = "<group>";
		};
		A020B011214AAB140011BB4F /* Reachability */ = {
			isa = PBXGroup;
			children = (
				A020B012214AAB140011BB4F /* Reachability.m */,
				A020B013214AAB140011BB4F /* Reachability.h */,
			);
			path = Reachability;
			sourceTree = "<group>";
		};
		A020B015214AAB140011BB4F /* Model */ = {
			isa = PBXGroup;
			children = (
				A020B019214AAB140011BB4F /* BaseItem.h */,
				A020B017214AAB140011BB4F /* BaseItem.m */,
				A020B01B214AAB140011BB4F /* UserInfo.h */,
				A020B018214AAB140011BB4F /* UserInfo.m */,
				A020B016214AAB140011BB4F /* CourseItem.h */,
				A020B01A214AAB140011BB4F /* CourseItem.m */,
				205FDB2D216F20C0001BE2C6 /* HomeInfoItem.h */,
				205FDB2E216F20C0001BE2C6 /* HomeInfoItem.m */,
				A091D12E2178FAF300CCDAF6 /* StudyInfoItem.h */,
				A091D12F2178FAF300CCDAF6 /* StudyInfoItem.m */,
				A00BE168219FF6E70042E6ED /* VersionItem.h */,
				A00BE169219FF6E70042E6ED /* VersionItem.m */,
			);
			path = Model;
			sourceTree = "<group>";
		};
		A0462A042187402D00D12E65 /* View */ = {
			isa = PBXGroup;
			children = (
				A0462A0B2187459600D12E65 /* CZNotDataView.h */,
				A0462A0C2187459600D12E65 /* CZNotDataView.m */,
				A0462A052187407600D12E65 /* CZNotNetAvailableVC.h */,
				A0462A062187407600D12E65 /* CZNotNetAvailableVC.m */,
				A00BE16B219FFB140042E6ED /* CZUpdateView.h */,
				A00BE16C219FFB140042E6ED /* CZUpdateView.m */,
			);
			path = View;
			sourceTree = "<group>";
		};
		A05999E42155EC1500D17058 /* 接口日志 */ = {
			isa = PBXGroup;
			children = (
				A05999E52155EC1500D17058 /* XLGLogVC.h */,
				A05999E62155EC1500D17058 /* XLGLogVC.m */,
			);
			path = "接口日志";
			sourceTree = "<group>";
		};
		A05999E72155EC1500D17058 /* 环境切换 */ = {
			isa = PBXGroup;
			children = (
				A05999EA2155EC1500D17058 /* XLGChangeServerVC.h */,
				A05999EC2155EC1500D17058 /* XLGChangeServerVC.m */,
				A05999ED2155EC1500D17058 /* XLGChangeServerCell.h */,
				A05999E92155EC1500D17058 /* XLGChangeServerCell.m */,
				A05999E82155EC1500D17058 /* XLGChangeServerModel.h */,
				A05999EB2155EC1500D17058 /* XLGChangeServerModel.m */,
			);
			path = "环境切换";
			sourceTree = "<group>";
		};
		A0599A0B21574CAF00D17058 /* Infinite(无限) */ = {
			isa = PBXGroup;
			children = (
				A0599A0C21574CAF00D17058 /* CZInfiniteVC.h */,
				A0599A0D21574CAF00D17058 /* CZInfiniteVC.m */,
			);
			path = "Infinite(无限)";
			sourceTree = "<group>";
		};
		A0599A0E21574CAF00D17058 /* Login(登录) */ = {
			isa = PBXGroup;
			children = (
				A0599A1321574CAF00D17058 /* CZLoginVC.h */,
				A0599A0F21574CAF00D17058 /* CZLoginVC.m */,
				A0599A1021574CAF00D17058 /* CZRegisterVC.h */,
				A0599A1221574CAF00D17058 /* CZRegisterVC.m */,
				A0599A1121574CAF00D17058 /* CZForgetPswVC.h */,
				A0599A1421574CAF00D17058 /* CZForgetPswVC.m */,
			);
			path = "Login(登录)";
			sourceTree = "<group>";
		};
		A0599A1521574CAF00D17058 /* Mine(我的) */ = {
			isa = PBXGroup;
			children = (
				A0599A1721574CAF00D17058 /* CZMineVC.h */,
				A0599A1621574CAF00D17058 /* CZMineVC.m */,
				A00FA9D52168C22E00F4DA5B /* 系统设置 */,
			);
			path = "Mine(我的)";
			sourceTree = "<group>";
		};
		A0599A1821574CAF00D17058 /* Home(首页) */ = {
			isa = PBXGroup;
			children = (
				A0599A1A21574CAF00D17058 /* CZHomeVC.h */,
				A0599A1921574CAF00D17058 /* CZHomeVC.m */,
				208B695A2185903700B263FB /* TeacherView.xib */,
				A00FA9D92169DAC500F4DA5B /* 课程分类 */,
			);
			path = "Home(首页)";
			sourceTree = "<group>";
		};
		A0599A1B21574CAF00D17058 /* Study(学习) */ = {
			isa = PBXGroup;
			children = (
				A0599A1D21574CAF00D17058 /* CZStudyVC.h */,
				A0599A1C21574CAF00D17058 /* CZStudyVC.m */,
				A00FA9E0216A09EA00F4DA5B /* MyStudyView.xib */,
			);
			path = "Study(学习)";
			sourceTree = "<group>";
		};
		A05FF5CF215B163400C51E05 /* Indicator(指示器) */ = {
			isa = PBXGroup;
			children = (
				A05FF5D0215B163400C51E05 /* JHLoadingForHJ */,
				A05FF5D7215B163400C51E05 /* AEIndicator.h */,
				A05FF5D8215B163400C51E05 /* AEIndicator.m */,
			);
			path = "Indicator(指示器)";
			sourceTree = "<group>";
		};
		A05FF5D0215B163400C51E05 /* JHLoadingForHJ */ = {
			isa = PBXGroup;
			children = (
				A05FF5D1215B163400C51E05 /* JHHJView.h */,
				A05FF5D2215B163400C51E05 /* JHHJCenterBGView.m */,
				A05FF5D3215B163400C51E05 /* JHHJAnimation.h */,
				A05FF5D4215B163400C51E05 /* JHHJView.m */,
				A05FF5D5215B163400C51E05 /* JHHJAnimation.m */,
				A05FF5D6215B163400C51E05 /* JHHJCenterBGView.h */,
			);
			path = JHLoadingForHJ;
			sourceTree = "<group>";
		};
		A7FA9F4632752641B75EA9B4 /* Pods */ = {
			isa = PBXGroup;
			children = (
				0AF6FC5BB1D601461F72C62C /* Pods-Chaozhi.debug.xcconfig */,
				204F3265086F4B67483EF547 /* Pods-Chaozhi.release.xcconfig */,
			);
			name = Pods;
			sourceTree = "<group>";
		};
		CA884E04D0E50DD4B279DF5D /* Frameworks */ = {
			isa = PBXGroup;
			children = (
				A020B07B214AAD600011BB4F /* libresolv.tbd */,
				B55762E2478093A57AE66667 /* libPods-Chaozhi.a */,
			);
			name = Frameworks;
			sourceTree = "<group>";
		};
/* End PBXGroup section */

/* Begin PBXNativeTarget section */
		A020AF43214AA85B0011BB4F /* Chaozhi */ = {
			isa = PBXNativeTarget;
			buildConfigurationList = A020AF5A214AA85C0011BB4F /* Build configuration list for PBXNativeTarget "Chaozhi" */;
			buildPhases = (
				C974483B2951098C6ADA4EC9 /* [CP] Check Pods Manifest.lock */,
				A020AF40214AA85B0011BB4F /* Sources */,
				A020AF41214AA85B0011BB4F /* Frameworks */,
				A020AF42214AA85B0011BB4F /* Resources */,
				5912F349B203BD55913E4675 /* [CP] Copy Pods Resources */,
			);
			buildRules = (
			);
			dependencies = (
			);
			name = Chaozhi;
			productName = Chaozhi;
			productReference = A020AF44214AA85B0011BB4F /* Chaozhi.app */;
			productType = "com.apple.product-type.application";
		};
/* End PBXNativeTarget section */

/* Begin PBXProject section */
		A020AF3C214AA85B0011BB4F /* Project object */ = {
			isa = PBXProject;
			attributes = {
				CLASSPREFIX = CZ;
				LastUpgradeCheck = 0940;
				ORGANIZATIONNAME = Jason_hzb;
				TargetAttributes = {
					A020AF43214AA85B0011BB4F = {
						CreatedOnToolsVersion = 9.4;
					};
				};
			};
			buildConfigurationList = A020AF3F214AA85B0011BB4F /* Build configuration list for PBXProject "Chaozhi" */;
			compatibilityVersion = "Xcode 9.3";
			developmentRegion = en;
			hasScannedForEncodings = 0;
			knownRegions = (
				en,
				Base,
			);
			mainGroup = A020AF3B214AA85B0011BB4F;
			productRefGroup = A020AF45214AA85B0011BB4F /* Products */;
			projectDirPath = "";
			projectRoot = "";
			targets = (
				A020AF43214AA85B0011BB4F /* Chaozhi */,
			);
		};
/* End PBXProject section */

/* Begin PBXResourcesBuildPhase section */
		A020AF42214AA85B0011BB4F /* Resources */ = {
			isa = PBXResourcesBuildPhase;
			buildActionMask = 2147483647;
			files = (
				A020B029214AAB150011BB4F /* ic_refresh_image_013@2x.png in Resources */,
				A020B03B214AAB150011BB4F /* ic_refresh_image_010@2x.png in Resources */,
				A020B04D214AAB150011BB4F /* Main.storyboard in Resources */,
				A020B028214AAB150011BB4F /* ic_refresh_image_001@2x.png in Resources */,
				A020B039214AAB150011BB4F /* ic_refresh_image_024@2x.png in Resources */,
				A020B046214AAB150011BB4F /* ic_refresh_image_016@2x.png in Resources */,
				A020B038214AAB150011BB4F /* ic_refresh_image_012@2x.png in Resources */,
				A020B03E214AAB150011BB4F /* ic_refresh_image_026@2x.png in Resources */,
				A020B02A214AAB150011BB4F /* ic_refresh_image_027@2x.png in Resources */,
				A020B037214AAB150011BB4F /* ic_refresh_image_000@2x.png in Resources */,
				A020B045214AAB150011BB4F /* ic_refresh_image_020@2x.png in Resources */,
				A020B044214AAB150011BB4F /* ic_refresh_image_032@2x.png in Resources */,
				A020B047214AAB150011BB4F /* ic_refresh_image_008@2x.png in Resources */,
				A020B02E214AAB150011BB4F /* ic_refresh_image_019@2x.png in Resources */,
				A020B02F214AAB150011BB4F /* ic_refresh_image_015@2x.png in Resources */,
				A020B026214AAB150011BB4F /* ic_refresh_image_025@2x.png in Resources */,
				A020B048214AAB150011BB4F /* ic_refresh_image_004@2x.png in Resources */,
				A020B035214AAB150011BB4F /* ic_refresh_image_033@2x.png in Resources */,
				A020B03D214AAB150011BB4F /* ic_refresh_image_034@2x.png in Resources */,
				A020B02B214AAB150011BB4F /* ic_refresh_image_011@2x.png in Resources */,
				A020B049214AAB150011BB4F /* loading.json in Resources */,
				A020B040214AAB150011BB4F /* ic_refresh_image_030@2x.png in Resources */,
				A020B042214AAB150011BB4F /* ic_refresh_image_006@2x.png in Resources */,
				A020B03A214AAB150011BB4F /* ic_refresh_image_028@2x.png in Resources */,
				A020B041214AAB150011BB4F /* ic_refresh_image_018@2x.png in Resources */,
				A020B036214AAB150011BB4F /* ic_refresh_image_021@2x.png in Resources */,
				A020B033214AAB150011BB4F /* ic_refresh_image_017@2x.png in Resources */,
				A020B034214AAB150011BB4F /* ic_refresh_image_005@2x.png in Resources */,
				A020B025214AAB150011BB4F /* Assets.xcassets in Resources */,
				A020B032214AAB150011BB4F /* ic_refresh_image_009@2x.png in Resources */,
				A020B031214AAB150011BB4F /* ic_refresh_image_031@2x.png in Resources */,
				A00FA9E1216A09EA00F4DA5B /* MyStudyView.xib in Resources */,
				A020B030214AAB150011BB4F /* ic_refresh_image_023@2x.png in Resources */,
				208B695B2185903700B263FB /* TeacherView.xib in Resources */,
				A020B043214AAB150011BB4F /* ic_refresh_image_014@2x.png in Resources */,
				A020B04C214AAB150011BB4F /* LaunchScreen.storyboard in Resources */,
				A020B02D214AAB150011BB4F /* ic_refresh_image_007@2x.png in Resources */,
				A020B03F214AAB150011BB4F /* ic_refresh_image_022@2x.png in Resources */,
				A020B03C214AAB150011BB4F /* ic_refresh_image_002@2x.png in Resources */,
				A020B02C214AAB150011BB4F /* ic_refresh_image_003@2x.png in Resources */,
				A020B027214AAB150011BB4F /* ic_refresh_image_029@2x.png in Resources */,
			);
			runOnlyForDeploymentPostprocessing = 0;
		};
/* End PBXResourcesBuildPhase section */

/* Begin PBXShellScriptBuildPhase section */
		5912F349B203BD55913E4675 /* [CP] Copy Pods Resources */ = {
			isa = PBXShellScriptBuildPhase;
			buildActionMask = 2147483647;
			files = (
			);
			inputPaths = (
				"${SRCROOT}/Pods/Target Support Files/Pods-Chaozhi/Pods-Chaozhi-resources.sh",
				"${PODS_ROOT}/IQKeyboardManager/IQKeyboardManager/Resources/IQKeyboardManager.bundle",
				"${PODS_ROOT}/MJRefresh/MJRefresh/MJRefresh.bundle",
				"${PODS_ROOT}/TZImagePickerController/TZImagePickerController/TZImagePickerController/TZImagePickerController.bundle",
			);
			name = "[CP] Copy Pods Resources";
			outputPaths = (
				"${TARGET_BUILD_DIR}/${UNLOCALIZED_RESOURCES_FOLDER_PATH}/IQKeyboardManager.bundle",
				"${TARGET_BUILD_DIR}/${UNLOCALIZED_RESOURCES_FOLDER_PATH}/MJRefresh.bundle",
				"${TARGET_BUILD_DIR}/${UNLOCALIZED_RESOURCES_FOLDER_PATH}/TZImagePickerController.bundle",
			);
			runOnlyForDeploymentPostprocessing = 0;
			shellPath = /bin/sh;
			shellScript = "\"${SRCROOT}/Pods/Target Support Files/Pods-Chaozhi/Pods-Chaozhi-resources.sh\"\n";
			showEnvVarsInLog = 0;
		};
		C974483B2951098C6ADA4EC9 /* [CP] Check Pods Manifest.lock */ = {
			isa = PBXShellScriptBuildPhase;
			buildActionMask = 2147483647;
			files = (
			);
			inputPaths = (
				"${PODS_PODFILE_DIR_PATH}/Podfile.lock",
				"${PODS_ROOT}/Manifest.lock",
			);
			name = "[CP] Check Pods Manifest.lock";
			outputPaths = (
				"$(DERIVED_FILE_DIR)/Pods-Chaozhi-checkManifestLockResult.txt",
			);
			runOnlyForDeploymentPostprocessing = 0;
			shellPath = /bin/sh;
			shellScript = "diff \"${PODS_PODFILE_DIR_PATH}/Podfile.lock\" \"${PODS_ROOT}/Manifest.lock\" > /dev/null\nif [ $? != 0 ] ; then\n    # print error to STDERR\n    echo \"error: The sandbox is not in sync with the Podfile.lock. Run 'pod install' or update your CocoaPods installation.\" >&2\n    exit 1\nfi\n# This output is used by Xcode 'outputs' to avoid re-running this script phase.\necho \"SUCCESS\" > \"${SCRIPT_OUTPUT_FILE_0}\"\n";
			showEnvVarsInLog = 0;
		};
/* End PBXShellScriptBuildPhase section */

/* Begin PBXSourcesBuildPhase section */
		A020AF40214AA85B0011BB4F /* Sources */ = {
			isa = PBXSourcesBuildPhase;
			buildActionMask = 2147483647;
			files = (
				A020B062214AAB150011BB4F /* XLGInternalDemoVC.m in Sources */,
				A020B01F214AAB150011BB4F /* Config.m in Sources */,
				A0462A0D2187459600D12E65 /* CZNotDataView.m in Sources */,
				A020B071214AAB150011BB4F /* LDNetTimer.m in Sources */,
				A00BE16D219FFB140042E6ED /* CZUpdateView.m in Sources */,
				A020B078214AAB150011BB4F /* BaseItem.m in Sources */,
				A020B06B214AAB150011BB4F /* BaseVC.m in Sources */,
				A05FF5DB215B163400C51E05 /* JHHJAnimation.m in Sources */,
				A05999F32155EC1500D17058 /* XLGChangeServerModel.m in Sources */,
				A020B05E214AAB150011BB4F /* MEViewController.m in Sources */,
				A0599A2121574CAF00D17058 /* CZForgetPswVC.m in Sources */,
				A020B070214AAB150011BB4F /* LDNetTraceRoute.m in Sources */,
				A020B06D214AAB150011BB4F /* BaseNavBar.m in Sources */,
				A020B074214AAB150011BB4F /* LDNetGetAddress.m in Sources */,
				A020B060214AAB150011BB4F /* XLGLoginTestView.m in Sources */,
				A0599A2021574CAF00D17058 /* CZRegisterVC.m in Sources */,
				A020B06F214AAB150011BB4F /* BaseWebVC.m in Sources */,
				A020B053214AAB150011BB4F /* Utils.m in Sources */,
				A020B073214AAB150011BB4F /* LDNetPing.m in Sources */,
				A020B077214AAB150011BB4F /* Reachability.m in Sources */,
				A0599A2321574CAF00D17058 /* CZHomeVC.m in Sources */,
				A020B050214AAB150011BB4F /* KeyChainUtil.m in Sources */,
				A020B05C214AAB150011BB4F /* MEViewModel.m in Sources */,
				A020B052214AAB150011BB4F /* Toast.m in Sources */,
				A091D1302178FAF300CCDAF6 /* StudyInfoItem.m in Sources */,
				A020B05D214AAB150011BB4F /* MEView.m in Sources */,
				A020B075214AAB150011BB4F /* LDNetDiagnoService.m in Sources */,
				A020B07A214AAB150011BB4F /* CourseItem.m in Sources */,
				205FDB3321763DBE001BE2C6 /* CZGuideVC.m in Sources */,
				A020B06C214AAB150011BB4F /* BaseNC.m in Sources */,
				A020B054214AAB150011BB4F /* XLGAlertView.m in Sources */,
				A05FF5CE215B14F100C51E05 /* NetworkUtil.m in Sources */,
				A00FA9DC2169DB0000F4DA5B /* CZSelectCourseVC.m in Sources */,
				A020B072214AAB150011BB4F /* LDSimplePing.m in Sources */,
				A05999F12155EC1500D17058 /* XLGLogVC.m in Sources */,
				A0599A1F21574CAF00D17058 /* CZLoginVC.m in Sources */,
				A0599A2421574CAF00D17058 /* CZStudyVC.m in Sources */,
				A05FF5D9215B163400C51E05 /* JHHJCenterBGView.m in Sources */,
				A00BE16A219FF6E70042E6ED /* VersionItem.m in Sources */,
				A0599A2221574CAF00D17058 /* CZMineVC.m in Sources */,
				A020B076214AAB150011BB4F /* LDNetConnect.m in Sources */,
				A05999F42155EC1500D17058 /* XLGChangeServerVC.m in Sources */,
				A05999F22155EC1500D17058 /* XLGChangeServerCell.m in Sources */,
				A020B063214AAB150011BB4F /* XLGInternalTestVC.m in Sources */,
				A020B061214AAB150011BB4F /* XLGLoginTestViewModel.m in Sources */,
				A05999EF2155EC1500D17058 /* XLGExternalTestTool.m in Sources */,
				A020B05F214AAB150011BB4F /* XLGLoginTestVC.m in Sources */,
				A0599A1E21574CAF00D17058 /* CZInfiniteVC.m in Sources */,
				A020B051214AAB150011BB4F /* CacheUtil.m in Sources */,
				A020B06A214AAB150011BB4F /* WKDelegateController.m in Sources */,
				205FDB2F216F20C0001BE2C6 /* HomeInfoItem.m in Sources */,
				A0462A072187407600D12E65 /* CZNotNetAvailableVC.m in Sources */,
				A00FA9D82168C26900F4DA5B /* CZSettingVC.m in Sources */,
				A020AF49214AA85B0011BB4F /* AppDelegate.m in Sources */,
				A020B055214AAB150011BB4F /* XLGLottie.m in Sources */,
				A020B06E214AAB150011BB4F /* BaseScrollView.m in Sources */,
				A00FA9DF2169DCDC00F4DA5B /* CZSelectCourseCell.m in Sources */,
				A020B04E214AAB150011BB4F /* main.m in Sources */,
				A020B057214AAB150011BB4F /* ProgressLoadView.m in Sources */,
				A05FF5DA215B163400C51E05 /* JHHJView.m in Sources */,
				A020B056214AAB150011BB4F /* RegularPhoneTF.m in Sources */,
				A05FF5DC215B163400C51E05 /* AEIndicator.m in Sources */,
				A05FF5CB215B129C00C51E05 /* NetworkManager.m in Sources */,
				A020B079214AAB150011BB4F /* UserInfo.m in Sources */,
			);
			runOnlyForDeploymentPostprocessing = 0;
		};
/* End PBXSourcesBuildPhase section */

/* Begin PBXVariantGroup section */
		A020AFA2214AAB130011BB4F /* LaunchScreen.storyboard */ = {
			isa = PBXVariantGroup;
			children = (
				A020AFA3214AAB130011BB4F /* Base */,
			);
			name = LaunchScreen.storyboard;
			sourceTree = "<group>";
		};
		A020AFA4214AAB130011BB4F /* Main.storyboard */ = {
			isa = PBXVariantGroup;
			children = (
				A020AFA5214AAB130011BB4F /* Base */,
			);
			name = Main.storyboard;
			sourceTree = "<group>";
		};
/* End PBXVariantGroup section */

/* Begin XCBuildConfiguration section */
		A020AF58214AA85C0011BB4F /* Debug */ = {
			isa = XCBuildConfiguration;
			buildSettings = {
				ALWAYS_SEARCH_USER_PATHS = NO;
				CLANG_ANALYZER_NONNULL = YES;
				CLANG_ANALYZER_NUMBER_OBJECT_CONVERSION = YES_AGGRESSIVE;
				CLANG_CXX_LANGUAGE_STANDARD = "gnu++14";
				CLANG_CXX_LIBRARY = "libc++";
				CLANG_ENABLE_MODULES = YES;
				CLANG_ENABLE_OBJC_ARC = YES;
				CLANG_ENABLE_OBJC_WEAK = YES;
				CLANG_WARN_BLOCK_CAPTURE_AUTORELEASING = YES;
				CLANG_WARN_BOOL_CONVERSION = YES;
				CLANG_WARN_COMMA = YES;
				CLANG_WARN_CONSTANT_CONVERSION = YES;
				CLANG_WARN_DEPRECATED_OBJC_IMPLEMENTATIONS = YES;
				CLANG_WARN_DIRECT_OBJC_ISA_USAGE = YES_ERROR;
				CLANG_WARN_DOCUMENTATION_COMMENTS = YES;
				CLANG_WARN_EMPTY_BODY = YES;
				CLANG_WARN_ENUM_CONVERSION = YES;
				CLANG_WARN_INFINITE_RECURSION = YES;
				CLANG_WARN_INT_CONVERSION = YES;
				CLANG_WARN_NON_LITERAL_NULL_CONVERSION = YES;
				CLANG_WARN_OBJC_IMPLICIT_RETAIN_SELF = YES;
				CLANG_WARN_OBJC_LITERAL_CONVERSION = YES;
				CLANG_WARN_OBJC_ROOT_CLASS = YES_ERROR;
				CLANG_WARN_RANGE_LOOP_ANALYSIS = YES;
				CLANG_WARN_STRICT_PROTOTYPES = YES;
				CLANG_WARN_SUSPICIOUS_MOVE = YES;
				CLANG_WARN_UNGUARDED_AVAILABILITY = YES_AGGRESSIVE;
				CLANG_WARN_UNREACHABLE_CODE = YES;
				CLANG_WARN__DUPLICATE_METHOD_MATCH = YES;
				CODE_SIGN_IDENTITY = "iPhone Developer";
				COPY_PHASE_STRIP = NO;
				DEBUG_INFORMATION_FORMAT = dwarf;
				ENABLE_STRICT_OBJC_MSGSEND = YES;
				ENABLE_TESTABILITY = YES;
				GCC_C_LANGUAGE_STANDARD = gnu11;
				GCC_DYNAMIC_NO_PIC = NO;
				GCC_NO_COMMON_BLOCKS = YES;
				GCC_OPTIMIZATION_LEVEL = 0;
				GCC_PREPROCESSOR_DEFINITIONS = (
					"DEBUG=1",
					"$(inherited)",
				);
				GCC_WARN_64_TO_32_BIT_CONVERSION = YES;
				GCC_WARN_ABOUT_RETURN_TYPE = YES_ERROR;
				GCC_WARN_UNDECLARED_SELECTOR = YES;
				GCC_WARN_UNINITIALIZED_AUTOS = YES_AGGRESSIVE;
				GCC_WARN_UNUSED_FUNCTION = YES;
				GCC_WARN_UNUSED_VARIABLE = YES;
				IPHONEOS_DEPLOYMENT_TARGET = 11.4;
				MTL_ENABLE_DEBUG_INFO = YES;
				ONLY_ACTIVE_ARCH = YES;
				SDKROOT = iphoneos;
			};
			name = Debug;
		};
		A020AF59214AA85C0011BB4F /* Release */ = {
			isa = XCBuildConfiguration;
			buildSettings = {
				ALWAYS_SEARCH_USER_PATHS = NO;
				CLANG_ANALYZER_NONNULL = YES;
				CLANG_ANALYZER_NUMBER_OBJECT_CONVERSION = YES_AGGRESSIVE;
				CLANG_CXX_LANGUAGE_STANDARD = "gnu++14";
				CLANG_CXX_LIBRARY = "libc++";
				CLANG_ENABLE_MODULES = YES;
				CLANG_ENABLE_OBJC_ARC = YES;
				CLANG_ENABLE_OBJC_WEAK = YES;
				CLANG_WARN_BLOCK_CAPTURE_AUTORELEASING = YES;
				CLANG_WARN_BOOL_CONVERSION = YES;
				CLANG_WARN_COMMA = YES;
				CLANG_WARN_CONSTANT_CONVERSION = YES;
				CLANG_WARN_DEPRECATED_OBJC_IMPLEMENTATIONS = YES;
				CLANG_WARN_DIRECT_OBJC_ISA_USAGE = YES_ERROR;
				CLANG_WARN_DOCUMENTATION_COMMENTS = YES;
				CLANG_WARN_EMPTY_BODY = YES;
				CLANG_WARN_ENUM_CONVERSION = YES;
				CLANG_WARN_INFINITE_RECURSION = YES;
				CLANG_WARN_INT_CONVERSION = YES;
				CLANG_WARN_NON_LITERAL_NULL_CONVERSION = YES;
				CLANG_WARN_OBJC_IMPLICIT_RETAIN_SELF = YES;
				CLANG_WARN_OBJC_LITERAL_CONVERSION = YES;
				CLANG_WARN_OBJC_ROOT_CLASS = YES_ERROR;
				CLANG_WARN_RANGE_LOOP_ANALYSIS = YES;
				CLANG_WARN_STRICT_PROTOTYPES = YES;
				CLANG_WARN_SUSPICIOUS_MOVE = YES;
				CLANG_WARN_UNGUARDED_AVAILABILITY = YES_AGGRESSIVE;
				CLANG_WARN_UNREACHABLE_CODE = YES;
				CLANG_WARN__DUPLICATE_METHOD_MATCH = YES;
				CODE_SIGN_IDENTITY = "iPhone Developer";
				COPY_PHASE_STRIP = NO;
				DEBUG_INFORMATION_FORMAT = "dwarf-with-dsym";
				ENABLE_NS_ASSERTIONS = NO;
				ENABLE_STRICT_OBJC_MSGSEND = YES;
				GCC_C_LANGUAGE_STANDARD = gnu11;
				GCC_NO_COMMON_BLOCKS = YES;
				GCC_WARN_64_TO_32_BIT_CONVERSION = YES;
				GCC_WARN_ABOUT_RETURN_TYPE = YES_ERROR;
				GCC_WARN_UNDECLARED_SELECTOR = YES;
				GCC_WARN_UNINITIALIZED_AUTOS = YES_AGGRESSIVE;
				GCC_WARN_UNUSED_FUNCTION = YES;
				GCC_WARN_UNUSED_VARIABLE = YES;
				IPHONEOS_DEPLOYMENT_TARGET = 11.4;
				MTL_ENABLE_DEBUG_INFO = NO;
				SDKROOT = iphoneos;
				VALIDATE_PRODUCT = YES;
			};
			name = Release;
		};
		A020AF5B214AA85C0011BB4F /* Debug */ = {
			isa = XCBuildConfiguration;
			baseConfigurationReference = 0AF6FC5BB1D601461F72C62C /* Pods-Chaozhi.debug.xcconfig */;
			buildSettings = {
				ASSETCATALOG_COMPILER_APPICON_NAME = AppIcon;
				CODE_SIGN_IDENTITY = "iPhone Developer";
				CODE_SIGN_STYLE = Manual;
				DEVELOPMENT_TEAM = SD4544P5D9;
				ENABLE_BITCODE = NO;
				FRAMEWORK_SEARCH_PATHS = (
					"$(inherited)",
					"$(PROJECT_DIR)",
				);
				GCC_PREFIX_HEADER = Chaozhi/Chaozhi.pch;
				INFOPLIST_FILE = "$(SRCROOT)/Chaozhi/Supporting Files/Info.plist";
				IPHONEOS_DEPLOYMENT_TARGET = 8.2;
				LD_RUNPATH_SEARCH_PATHS = (
					"$(inherited)",
					"@executable_path/Frameworks",
				);
				PRODUCT_BUNDLE_IDENTIFIER = com.czjy.chaozhi;
				PRODUCT_NAME = "$(TARGET_NAME)";
				PROVISIONING_PROFILE = "065790ea-d817-4376-9f63-d632a80ca061";
				PROVISIONING_PROFILE_SPECIFIER = CZJYDev;
				TARGETED_DEVICE_FAMILY = 1;
			};
			name = Debug;
		};
		A020AF5C214AA85C0011BB4F /* Release */ = {
			isa = XCBuildConfiguration;
			baseConfigurationReference = 204F3265086F4B67483EF547 /* Pods-Chaozhi.release.xcconfig */;
			buildSettings = {
				ASSETCATALOG_COMPILER_APPICON_NAME = AppIcon;
				CODE_SIGN_IDENTITY = "iPhone Distribution";
				CODE_SIGN_STYLE = Manual;
				DEVELOPMENT_TEAM = SD4544P5D9;
				ENABLE_BITCODE = NO;
				FRAMEWORK_SEARCH_PATHS = (
					"$(inherited)",
					"$(PROJECT_DIR)",
				);
				GCC_PREFIX_HEADER = Chaozhi/Chaozhi.pch;
				INFOPLIST_FILE = "$(SRCROOT)/Chaozhi/Supporting Files/Info.plist";
				IPHONEOS_DEPLOYMENT_TARGET = 8.2;
				LD_RUNPATH_SEARCH_PATHS = (
					"$(inherited)",
					"@executable_path/Frameworks",
				);
				PRODUCT_BUNDLE_IDENTIFIER = com.czjy.chaozhi;
				PRODUCT_NAME = "$(TARGET_NAME)";
				PROVISIONING_PROFILE = "75ee8f25-9458-4b56-892c-73559e6ce7d6";
				PROVISIONING_PROFILE_SPECIFIER = CZJYDis;
				TARGETED_DEVICE_FAMILY = 1;
			};
			name = Release;
		};
/* End XCBuildConfiguration section */

/* Begin XCConfigurationList section */
		A020AF3F214AA85B0011BB4F /* Build configuration list for PBXProject "Chaozhi" */ = {
			isa = XCConfigurationList;
			buildConfigurations = (
				A020AF58214AA85C0011BB4F /* Debug */,
				A020AF59214AA85C0011BB4F /* Release */,
			);
			defaultConfigurationIsVisible = 0;
			defaultConfigurationName = Release;
		};
		A020AF5A214AA85C0011BB4F /* Build configuration list for PBXNativeTarget "Chaozhi" */ = {
			isa = XCConfigurationList;
			buildConfigurations = (
				A020AF5B214AA85C0011BB4F /* Debug */,
				A020AF5C214AA85C0011BB4F /* Release */,
			);
			defaultConfigurationIsVisible = 0;
			defaultConfigurationName = Release;
		};
/* End XCConfigurationList section */
	};
	rootObject = A020AF3C214AA85B0011BB4F /* Project object */;
}
