// !$*UTF8*$!
{
	archiveVersion = 1;
	classes = {
	};
	objectVersion = 50;
	objects = {

/* Begin PBXBuildFile section */
		94DF1E58ABC326A19CE0832D /* libPods-Chaozhi.a in Frameworks */ = {isa = PBXBuildFile; fileRef = B55762E2478093A57AE66667 /* libPods-Chaozhi.a */; };
		A020AF49214AA85B0011BB4F /* AppDelegate.m in Sources */ = {isa = PBXBuildFile; fileRef = A020AF48214AA85B0011BB4F /* AppDelegate.m */; };
		A020AF4C214AA85B0011BB4F /* ViewController.m in Sources */ = {isa = PBXBuildFile; fileRef = A020AF4B214AA85B0011BB4F /* ViewController.m */; };
		A020AF4F214AA85B0011BB4F /* Main.storyboard in Resources */ = {isa = PBXBuildFile; fileRef = A020AF4D214AA85B0011BB4F /* Main.storyboard */; };
		A020AF51214AA85C0011BB4F /* Assets.xcassets in Resources */ = {isa = PBXBuildFile; fileRef = A020AF50214AA85C0011BB4F /* Assets.xcassets */; };
		A020AF54214AA85C0011BB4F /* LaunchScreen.storyboard in Resources */ = {isa = PBXBuildFile; fileRef = A020AF52214AA85C0011BB4F /* LaunchScreen.storyboard */; };
		A020AF57214AA85C0011BB4F /* main.m in Sources */ = {isa = PBXBuildFile; fileRef = A020AF56214AA85C0011BB4F /* main.m */; };
/* End PBXBuildFile section */

/* Begin PBXFileReference section */
		0AF6FC5BB1D601461F72C62C /* Pods-Chaozhi.debug.xcconfig */ = {isa = PBXFileReference; includeInIndex = 1; lastKnownFileType = text.xcconfig; name = "Pods-Chaozhi.debug.xcconfig"; path = "Pods/Target Support Files/Pods-Chaozhi/Pods-Chaozhi.debug.xcconfig"; sourceTree = "<group>"; };
		204F3265086F4B67483EF547 /* Pods-Chaozhi.release.xcconfig */ = {isa = PBXFileReference; includeInIndex = 1; lastKnownFileType = text.xcconfig; name = "Pods-Chaozhi.release.xcconfig"; path = "Pods/Target Support Files/Pods-Chaozhi/Pods-Chaozhi.release.xcconfig"; sourceTree = "<group>"; };
		A020AF44214AA85B0011BB4F /* Chaozhi.app */ = {isa = PBXFileReference; explicitFileType = wrapper.application; includeInIndex = 0; path = Chaozhi.app; sourceTree = BUILT_PRODUCTS_DIR; };
		A020AF47214AA85B0011BB4F /* AppDelegate.h */ = {isa = PBXFileReference; lastKnownFileType = sourcecode.c.h; path = AppDelegate.h; sourceTree = "<group>"; };
		A020AF48214AA85B0011BB4F /* AppDelegate.m */ = {isa = PBXFileReference; lastKnownFileType = sourcecode.c.objc; path = AppDelegate.m; sourceTree = "<group>"; };
		A020AF4A214AA85B0011BB4F /* ViewController.h */ = {isa = PBXFileReference; lastKnownFileType = sourcecode.c.h; path = ViewController.h; sourceTree = "<group>"; };
		A020AF4B214AA85B0011BB4F /* ViewController.m */ = {isa = PBXFileReference; lastKnownFileType = sourcecode.c.objc; path = ViewController.m; sourceTree = "<group>"; };
		A020AF4E214AA85B0011BB4F /* Base */ = {isa = PBXFileReference; lastKnownFileType = file.storyboard; name = Base; path = Base.lproj/Main.storyboard; sourceTree = "<group>"; };
		A020AF50214AA85C0011BB4F /* Assets.xcassets */ = {isa = PBXFileReference; lastKnownFileType = folder.assetcatalog; path = Assets.xcassets; sourceTree = "<group>"; };
		A020AF53214AA85C0011BB4F /* Base */ = {isa = PBXFileReference; lastKnownFileType = file.storyboard; name = Base; path = Base.lproj/LaunchScreen.storyboard; sourceTree = "<group>"; };
		A020AF55214AA85C0011BB4F /* Info.plist */ = {isa = PBXFileReference; lastKnownFileType = text.plist.xml; path = Info.plist; sourceTree = "<group>"; };
		A020AF56214AA85C0011BB4F /* main.m */ = {isa = PBXFileReference; lastKnownFileType = sourcecode.c.objc; path = main.m; sourceTree = "<group>"; };
		B55762E2478093A57AE66667 /* libPods-Chaozhi.a */ = {isa = PBXFileReference; explicitFileType = archive.ar; includeInIndex = 0; path = "libPods-Chaozhi.a"; sourceTree = BUILT_PRODUCTS_DIR; };
/* End PBXFileReference section */

/* Begin PBXFrameworksBuildPhase section */
		A020AF41214AA85B0011BB4F /* Frameworks */ = {
			isa = PBXFrameworksBuildPhase;
			buildActionMask = 2147483647;
			files = (
				94DF1E58ABC326A19CE0832D /* libPods-Chaozhi.a in Frameworks */,
			);
			runOnlyForDeploymentPostprocessing = 0;
		};
/* End PBXFrameworksBuildPhase section */

/* Begin PBXGroup section */
		A020AF3B214AA85B0011BB4F = {
			isa = PBXGroup;
			children = (
				A020AF46214AA85B0011BB4F /* Chaozhi */,
				A020AF45214AA85B0011BB4F /* Products */,
				A7FA9F4632752641B75EA9B4 /* Pods */,
				CA884E04D0E50DD4B279DF5D /* Frameworks */,
			);
			sourceTree = "<group>";
		};
		A020AF45214AA85B0011BB4F /* Products */ = {
			isa = PBXGroup;
			children = (
				A020AF44214AA85B0011BB4F /* Chaozhi.app */,
			);
			name = Products;
			sourceTree = "<group>";
		};
		A020AF46214AA85B0011BB4F /* Chaozhi */ = {
			isa = PBXGroup;
			children = (
				A020AF47214AA85B0011BB4F /* AppDelegate.h */,
				A020AF48214AA85B0011BB4F /* AppDelegate.m */,
				A020AF4A214AA85B0011BB4F /* ViewController.h */,
				A020AF4B214AA85B0011BB4F /* ViewController.m */,
				A020AF4D214AA85B0011BB4F /* Main.storyboard */,
				A020AF50214AA85C0011BB4F /* Assets.xcassets */,
				A020AF52214AA85C0011BB4F /* LaunchScreen.storyboard */,
				A020AF55214AA85C0011BB4F /* Info.plist */,
				A020AF56214AA85C0011BB4F /* main.m */,
			);
			path = Chaozhi;
			sourceTree = "<group>";
		};
		A7FA9F4632752641B75EA9B4 /* Pods */ = {
			isa = PBXGroup;
			children = (
				0AF6FC5BB1D601461F72C62C /* Pods-Chaozhi.debug.xcconfig */,
				204F3265086F4B67483EF547 /* Pods-Chaozhi.release.xcconfig */,
			);
			name = Pods;
			sourceTree = "<group>";
		};
		CA884E04D0E50DD4B279DF5D /* Frameworks */ = {
			isa = PBXGroup;
			children = (
				B55762E2478093A57AE66667 /* libPods-Chaozhi.a */,
			);
			name = Frameworks;
			sourceTree = "<group>";
		};
/* End PBXGroup section */

/* Begin PBXNativeTarget section */
		A020AF43214AA85B0011BB4F /* Chaozhi */ = {
			isa = PBXNativeTarget;
			buildConfigurationList = A020AF5A214AA85C0011BB4F /* Build configuration list for PBXNativeTarget "Chaozhi" */;
			buildPhases = (
				C974483B2951098C6ADA4EC9 /* [CP] Check Pods Manifest.lock */,
				A020AF40214AA85B0011BB4F /* Sources */,
				A020AF41214AA85B0011BB4F /* Frameworks */,
				A020AF42214AA85B0011BB4F /* Resources */,
				5912F349B203BD55913E4675 /* [CP] Copy Pods Resources */,
			);
			buildRules = (
			);
			dependencies = (
			);
			name = Chaozhi;
			productName = Chaozhi;
			productReference = A020AF44214AA85B0011BB4F /* Chaozhi.app */;
			productType = "com.apple.product-type.application";
		};
/* End PBXNativeTarget section */

/* Begin PBXProject section */
		A020AF3C214AA85B0011BB4F /* Project object */ = {
			isa = PBXProject;
			attributes = {
				LastUpgradeCheck = 0940;
				ORGANIZATIONNAME = Jason_zyl;
				TargetAttributes = {
					A020AF43214AA85B0011BB4F = {
						CreatedOnToolsVersion = 9.4;
					};
				};
			};
			buildConfigurationList = A020AF3F214AA85B0011BB4F /* Build configuration list for PBXProject "Chaozhi" */;
			compatibilityVersion = "Xcode 9.3";
			developmentRegion = en;
			hasScannedForEncodings = 0;
			knownRegions = (
				en,
				Base,
			);
			mainGroup = A020AF3B214AA85B0011BB4F;
			productRefGroup = A020AF45214AA85B0011BB4F /* Products */;
			projectDirPath = "";
			projectRoot = "";
			targets = (
				A020AF43214AA85B0011BB4F /* Chaozhi */,
			);
		};
/* End PBXProject section */

/* Begin PBXResourcesBuildPhase section */
		A020AF42214AA85B0011BB4F /* Resources */ = {
			isa = PBXResourcesBuildPhase;
			buildActionMask = 2147483647;
			files = (
				A020AF54214AA85C0011BB4F /* LaunchScreen.storyboard in Resources */,
				A020AF51214AA85C0011BB4F /* Assets.xcassets in Resources */,
				A020AF4F214AA85B0011BB4F /* Main.storyboard in Resources */,
			);
			runOnlyForDeploymentPostprocessing = 0;
		};
/* End PBXResourcesBuildPhase section */

/* Begin PBXShellScriptBuildPhase section */
		5912F349B203BD55913E4675 /* [CP] Copy Pods Resources */ = {
			isa = PBXShellScriptBuildPhase;
			buildActionMask = 2147483647;
			files = (
			);
			inputPaths = (
				"${SRCROOT}/Pods/Target Support Files/Pods-Chaozhi/Pods-Chaozhi-resources.sh",
				"${PODS_ROOT}/IQKeyboardManager/IQKeyboardManager/Resources/IQKeyboardManager.bundle",
				"${PODS_ROOT}/MJRefresh/MJRefresh/MJRefresh.bundle",
				"${PODS_ROOT}/TZImagePickerController/TZImagePickerController/TZImagePickerController/TZImagePickerController.bundle",
			);
			name = "[CP] Copy Pods Resources";
			outputPaths = (
				"${TARGET_BUILD_DIR}/${UNLOCALIZED_RESOURCES_FOLDER_PATH}/IQKeyboardManager.bundle",
				"${TARGET_BUILD_DIR}/${UNLOCALIZED_RESOURCES_FOLDER_PATH}/MJRefresh.bundle",
				"${TARGET_BUILD_DIR}/${UNLOCALIZED_RESOURCES_FOLDER_PATH}/TZImagePickerController.bundle",
			);
			runOnlyForDeploymentPostprocessing = 0;
			shellPath = /bin/sh;
			shellScript = "\"${SRCROOT}/Pods/Target Support Files/Pods-Chaozhi/Pods-Chaozhi-resources.sh\"\n";
			showEnvVarsInLog = 0;
		};
		C974483B2951098C6ADA4EC9 /* [CP] Check Pods Manifest.lock */ = {
			isa = PBXShellScriptBuildPhase;
			buildActionMask = 2147483647;
			files = (
			);
			inputPaths = (
				"${PODS_PODFILE_DIR_PATH}/Podfile.lock",
				"${PODS_ROOT}/Manifest.lock",
			);
			name = "[CP] Check Pods Manifest.lock";
			outputPaths = (
				"$(DERIVED_FILE_DIR)/Pods-Chaozhi-checkManifestLockResult.txt",
			);
			runOnlyForDeploymentPostprocessing = 0;
			shellPath = /bin/sh;
			shellScript = "diff \"${PODS_PODFILE_DIR_PATH}/Podfile.lock\" \"${PODS_ROOT}/Manifest.lock\" > /dev/null\nif [ $? != 0 ] ; then\n    # print error to STDERR\n    echo \"error: The sandbox is not in sync with the Podfile.lock. Run 'pod install' or update your CocoaPods installation.\" >&2\n    exit 1\nfi\n# This output is used by Xcode 'outputs' to avoid re-running this script phase.\necho \"SUCCESS\" > \"${SCRIPT_OUTPUT_FILE_0}\"\n";
			showEnvVarsInLog = 0;
		};
/* End PBXShellScriptBuildPhase section */

/* Begin PBXSourcesBuildPhase section */
		A020AF40214AA85B0011BB4F /* Sources */ = {
			isa = PBXSourcesBuildPhase;
			buildActionMask = 2147483647;
			files = (
				A020AF4C214AA85B0011BB4F /* ViewController.m in Sources */,
				A020AF57214AA85C0011BB4F /* main.m in Sources */,
				A020AF49214AA85B0011BB4F /* AppDelegate.m in Sources */,
			);
			runOnlyForDeploymentPostprocessing = 0;
		};
/* End PBXSourcesBuildPhase section */

/* Begin PBXVariantGroup section */
		A020AF4D214AA85B0011BB4F /* Main.storyboard */ = {
			isa = PBXVariantGroup;
			children = (
				A020AF4E214AA85B0011BB4F /* Base */,
			);
			name = Main.storyboard;
			sourceTree = "<group>";
		};
		A020AF52214AA85C0011BB4F /* LaunchScreen.storyboard */ = {
			isa = PBXVariantGroup;
			children = (
				A020AF53214AA85C0011BB4F /* Base */,
			);
			name = LaunchScreen.storyboard;
			sourceTree = "<group>";
		};
/* End PBXVariantGroup section */

/* Begin XCBuildConfiguration section */
		A020AF58214AA85C0011BB4F /* Debug */ = {
			isa = XCBuildConfiguration;
			buildSettings = {
				ALWAYS_SEARCH_USER_PATHS = NO;
				CLANG_ANALYZER_NONNULL = YES;
				CLANG_ANALYZER_NUMBER_OBJECT_CONVERSION = YES_AGGRESSIVE;
				CLANG_CXX_LANGUAGE_STANDARD = "gnu++14";
				CLANG_CXX_LIBRARY = "libc++";
				CLANG_ENABLE_MODULES = YES;
				CLANG_ENABLE_OBJC_ARC = YES;
				CLANG_ENABLE_OBJC_WEAK = YES;
				CLANG_WARN_BLOCK_CAPTURE_AUTORELEASING = YES;
				CLANG_WARN_BOOL_CONVERSION = YES;
				CLANG_WARN_COMMA = YES;
				CLANG_WARN_CONSTANT_CONVERSION = YES;
				CLANG_WARN_DEPRECATED_OBJC_IMPLEMENTATIONS = YES;
				CLANG_WARN_DIRECT_OBJC_ISA_USAGE = YES_ERROR;
				CLANG_WARN_DOCUMENTATION_COMMENTS = YES;
				CLANG_WARN_EMPTY_BODY = YES;
				CLANG_WARN_ENUM_CONVERSION = YES;
				CLANG_WARN_INFINITE_RECURSION = YES;
				CLANG_WARN_INT_CONVERSION = YES;
				CLANG_WARN_NON_LITERAL_NULL_CONVERSION = YES;
				CLANG_WARN_OBJC_IMPLICIT_RETAIN_SELF = YES;
				CLANG_WARN_OBJC_LITERAL_CONVERSION = YES;
				CLANG_WARN_OBJC_ROOT_CLASS = YES_ERROR;
				CLANG_WARN_RANGE_LOOP_ANALYSIS = YES;
				CLANG_WARN_STRICT_PROTOTYPES = YES;
				CLANG_WARN_SUSPICIOUS_MOVE = YES;
				CLANG_WARN_UNGUARDED_AVAILABILITY = YES_AGGRESSIVE;
				CLANG_WARN_UNREACHABLE_CODE = YES;
				CLANG_WARN__DUPLICATE_METHOD_MATCH = YES;
				CODE_SIGN_IDENTITY = "iPhone Developer";
				COPY_PHASE_STRIP = NO;
				DEBUG_INFORMATION_FORMAT = dwarf;
				ENABLE_STRICT_OBJC_MSGSEND = YES;
				ENABLE_TESTABILITY = YES;
				GCC_C_LANGUAGE_STANDARD = gnu11;
				GCC_DYNAMIC_NO_PIC = NO;
				GCC_NO_COMMON_BLOCKS = YES;
				GCC_OPTIMIZATION_LEVEL = 0;
				GCC_PREPROCESSOR_DEFINITIONS = (
					"DEBUG=1",
					"$(inherited)",
				);
				GCC_WARN_64_TO_32_BIT_CONVERSION = YES;
				GCC_WARN_ABOUT_RETURN_TYPE = YES_ERROR;
				GCC_WARN_UNDECLARED_SELECTOR = YES;
				GCC_WARN_UNINITIALIZED_AUTOS = YES_AGGRESSIVE;
				GCC_WARN_UNUSED_FUNCTION = YES;
				GCC_WARN_UNUSED_VARIABLE = YES;
				IPHONEOS_DEPLOYMENT_TARGET = 11.4;
				MTL_ENABLE_DEBUG_INFO = YES;
				ONLY_ACTIVE_ARCH = YES;
				SDKROOT = iphoneos;
			};
			name = Debug;
		};
		A020AF59214AA85C0011BB4F /* Release */ = {
			isa = XCBuildConfiguration;
			buildSettings = {
				ALWAYS_SEARCH_USER_PATHS = NO;
				CLANG_ANALYZER_NONNULL = YES;
				CLANG_ANALYZER_NUMBER_OBJECT_CONVERSION = YES_AGGRESSIVE;
				CLANG_CXX_LANGUAGE_STANDARD = "gnu++14";
				CLANG_CXX_LIBRARY = "libc++";
				CLANG_ENABLE_MODULES = YES;
				CLANG_ENABLE_OBJC_ARC = YES;
				CLANG_ENABLE_OBJC_WEAK = YES;
				CLANG_WARN_BLOCK_CAPTURE_AUTORELEASING = YES;
				CLANG_WARN_BOOL_CONVERSION = YES;
				CLANG_WARN_COMMA = YES;
				CLANG_WARN_CONSTANT_CONVERSION = YES;
				CLANG_WARN_DEPRECATED_OBJC_IMPLEMENTATIONS = YES;
				CLANG_WARN_DIRECT_OBJC_ISA_USAGE = YES_ERROR;
				CLANG_WARN_DOCUMENTATION_COMMENTS = YES;
				CLANG_WARN_EMPTY_BODY = YES;
				CLANG_WARN_ENUM_CONVERSION = YES;
				CLANG_WARN_INFINITE_RECURSION = YES;
				CLANG_WARN_INT_CONVERSION = YES;
				CLANG_WARN_NON_LITERAL_NULL_CONVERSION = YES;
				CLANG_WARN_OBJC_IMPLICIT_RETAIN_SELF = YES;
				CLANG_WARN_OBJC_LITERAL_CONVERSION = YES;
				CLANG_WARN_OBJC_ROOT_CLASS = YES_ERROR;
				CLANG_WARN_RANGE_LOOP_ANALYSIS = YES;
				CLANG_WARN_STRICT_PROTOTYPES = YES;
				CLANG_WARN_SUSPICIOUS_MOVE = YES;
				CLANG_WARN_UNGUARDED_AVAILABILITY = YES_AGGRESSIVE;
				CLANG_WARN_UNREACHABLE_CODE = YES;
				CLANG_WARN__DUPLICATE_METHOD_MATCH = YES;
				CODE_SIGN_IDENTITY = "iPhone Developer";
				COPY_PHASE_STRIP = NO;
				DEBUG_INFORMATION_FORMAT = "dwarf-with-dsym";
				ENABLE_NS_ASSERTIONS = NO;
				ENABLE_STRICT_OBJC_MSGSEND = YES;
				GCC_C_LANGUAGE_STANDARD = gnu11;
				GCC_NO_COMMON_BLOCKS = YES;
				GCC_WARN_64_TO_32_BIT_CONVERSION = YES;
				GCC_WARN_ABOUT_RETURN_TYPE = YES_ERROR;
				GCC_WARN_UNDECLARED_SELECTOR = YES;
				GCC_WARN_UNINITIALIZED_AUTOS = YES_AGGRESSIVE;
				GCC_WARN_UNUSED_FUNCTION = YES;
				GCC_WARN_UNUSED_VARIABLE = YES;
				IPHONEOS_DEPLOYMENT_TARGET = 11.4;
				MTL_ENABLE_DEBUG_INFO = NO;
				SDKROOT = iphoneos;
				VALIDATE_PRODUCT = YES;
			};
			name = Release;
		};
		A020AF5B214AA85C0011BB4F /* Debug */ = {
			isa = XCBuildConfiguration;
			baseConfigurationReference = 0AF6FC5BB1D601461F72C62C /* Pods-Chaozhi.debug.xcconfig */;
			buildSettings = {
				ASSETCATALOG_COMPILER_APPICON_NAME = AppIcon;
				CODE_SIGN_STYLE = Automatic;
				DEVELOPMENT_TEAM = K3A6XD8P7R;
				ENABLE_BITCODE = NO;
				INFOPLIST_FILE = Chaozhi/Info.plist;
				IPHONEOS_DEPLOYMENT_TARGET = 9.0;
				LD_RUNPATH_SEARCH_PATHS = (
					"$(inherited)",
					"@executable_path/Frameworks",
				);
				PRODUCT_BUNDLE_IDENTIFIER = com.xlgcx.Chaozhi;
				PRODUCT_NAME = "$(TARGET_NAME)";
				TARGETED_DEVICE_FAMILY = "1,2";
			};
			name = Debug;
		};
		A020AF5C214AA85C0011BB4F /* Release */ = {
			isa = XCBuildConfiguration;
			baseConfigurationReference = 204F3265086F4B67483EF547 /* Pods-Chaozhi.release.xcconfig */;
			buildSettings = {
				ASSETCATALOG_COMPILER_APPICON_NAME = AppIcon;
				CODE_SIGN_STYLE = Automatic;
				DEVELOPMENT_TEAM = K3A6XD8P7R;
				ENABLE_BITCODE = NO;
				INFOPLIST_FILE = Chaozhi/Info.plist;
				IPHONEOS_DEPLOYMENT_TARGET = 9.0;
				LD_RUNPATH_SEARCH_PATHS = (
					"$(inherited)",
					"@executable_path/Frameworks",
				);
				PRODUCT_BUNDLE_IDENTIFIER = com.xlgcx.Chaozhi;
				PRODUCT_NAME = "$(TARGET_NAME)";
				TARGETED_DEVICE_FAMILY = "1,2";
			};
			name = Release;
		};
/* End XCBuildConfiguration section */

/* Begin XCConfigurationList section */
		A020AF3F214AA85B0011BB4F /* Build configuration list for PBXProject "Chaozhi" */ = {
			isa = XCConfigurationList;
			buildConfigurations = (
				A020AF58214AA85C0011BB4F /* Debug */,
				A020AF59214AA85C0011BB4F /* Release */,
			);
			defaultConfigurationIsVisible = 0;
			defaultConfigurationName = Release;
		};
		A020AF5A214AA85C0011BB4F /* Build configuration list for PBXNativeTarget "Chaozhi" */ = {
			isa = XCConfigurationList;
			buildConfigurations = (
				A020AF5B214AA85C0011BB4F /* Debug */,
				A020AF5C214AA85C0011BB4F /* Release */,
			);
			defaultConfigurationIsVisible = 0;
			defaultConfigurationName = Release;
		};
/* End XCConfigurationList section */
	};
	rootObject = A020AF3C214AA85B0011BB4F /* Project object */;
}
